// !$*UTF8*$!
{
	archiveVersion = 1;
	classes = {
	};
	objectVersion = 56;
	objects = {

/* Begin PBXBuildFile section */
		501AA9752A97B3600087B31B /* MapImprovedAnnotationsPlaygroundView.swift in Sources */ = {isa = PBXBuildFile; fileRef = 501AA9742A97B3600087B31B /* MapImprovedAnnotationsPlaygroundView.swift */; };
		501AA9772A97B4B80087B31B /* Location.swift in Sources */ = {isa = PBXBuildFile; fileRef = 501AA9762A97B4B80087B31B /* Location.swift */; };
		501AA9792A97C9D80087B31B /* LocationEditPlaygroundView.swift in Sources */ = {isa = PBXBuildFile; fileRef = 501AA9782A97C9D80087B31B /* LocationEditPlaygroundView.swift */; };
		503893A62A903D1800449AF8 /* FileManager+Functions.swift in Sources */ = {isa = PBXBuildFile; fileRef = 503893A52A903D1800449AF8 /* FileManager+Functions.swift */; };
		503893A82A9069FC00449AF8 /* MapKitPlaygroundView.swift in Sources */ = {isa = PBXBuildFile; fileRef = 503893A72A9069FC00449AF8 /* MapKitPlaygroundView.swift */; };
		503893AB2A906D6500449AF8 /* TouchAndFaceIdPlaygroundView.swift in Sources */ = {isa = PBXBuildFile; fileRef = 503893AA2A906D6500449AF8 /* TouchAndFaceIdPlaygroundView.swift */; };
		50463F182A8EF285000D632E /* BucketListApp.swift in Sources */ = {isa = PBXBuildFile; fileRef = 50463F172A8EF285000D632E /* BucketListApp.swift */; };
		50463F1A2A8EF285000D632E /* ContentView.swift in Sources */ = {isa = PBXBuildFile; fileRef = 50463F192A8EF285000D632E /* ContentView.swift */; };
		50463F1C2A8EF286000D632E /* Assets.xcassets in Resources */ = {isa = PBXBuildFile; fileRef = 50463F1B2A8EF286000D632E /* Assets.xcassets */; };
		50463F202A8EF286000D632E /* Preview Assets.xcassets in Resources */ = {isa = PBXBuildFile; fileRef = 50463F1F2A8EF286000D632E /* Preview Assets.xcassets */; };
		50463F282A8EF4E7000D632E /* ComparablePlaygroundView.swift in Sources */ = {isa = PBXBuildFile; fileRef = 50463F272A8EF4E7000D632E /* ComparablePlaygroundView.swift */; };
		50463F2A2A8F0C64000D632E /* FileManagerPlaygroundView.swift in Sources */ = {isa = PBXBuildFile; fileRef = 50463F292A8F0C64000D632E /* FileManagerPlaygroundView.swift */; };
		50463F2C2A8F0FBF000D632E /* EnumsViewStatePlaygroundView.swift in Sources */ = {isa = PBXBuildFile; fileRef = 50463F2B2A8F0FBF000D632E /* EnumsViewStatePlaygroundView.swift */; };
		50B52A002AA64A4C00D5146A /* Result.swift in Sources */ = {isa = PBXBuildFile; fileRef = 50B529FF2AA64A4C00D5146A /* Result.swift */; };
		50B52A032AA64F3000D5146A /* LocationEditView.swift in Sources */ = {isa = PBXBuildFile; fileRef = 50B52A022AA64F3000D5146A /* LocationEditView.swift */; };
		50B52A052AA64F9A00D5146A /* MapView.swift in Sources */ = {isa = PBXBuildFile; fileRef = 50B52A042AA64F9A00D5146A /* MapView.swift */; };
/* End PBXBuildFile section */

/* Begin PBXFileReference section */
		501AA9742A97B3600087B31B /* MapImprovedAnnotationsPlaygroundView.swift */ = {isa = PBXFileReference; lastKnownFileType = sourcecode.swift; path = MapImprovedAnnotationsPlaygroundView.swift; sourceTree = "<group>"; };
		501AA9762A97B4B80087B31B /* Location.swift */ = {isa = PBXFileReference; lastKnownFileType = sourcecode.swift; path = Location.swift; sourceTree = "<group>"; };
		501AA9782A97C9D80087B31B /* LocationEditPlaygroundView.swift */ = {isa = PBXFileReference; lastKnownFileType = sourcecode.swift; path = LocationEditPlaygroundView.swift; sourceTree = "<group>"; };
		503893A52A903D1800449AF8 /* FileManager+Functions.swift */ = {isa = PBXFileReference; lastKnownFileType = sourcecode.swift; path = "FileManager+Functions.swift"; sourceTree = "<group>"; };
		503893A72A9069FC00449AF8 /* MapKitPlaygroundView.swift */ = {isa = PBXFileReference; lastKnownFileType = sourcecode.swift; path = MapKitPlaygroundView.swift; sourceTree = "<group>"; };
		503893AA2A906D6500449AF8 /* TouchAndFaceIdPlaygroundView.swift */ = {isa = PBXFileReference; lastKnownFileType = sourcecode.swift; path = TouchAndFaceIdPlaygroundView.swift; sourceTree = "<group>"; };
		50463F142A8EF285000D632E /* BucketList.app */ = {isa = PBXFileReference; explicitFileType = wrapper.application; includeInIndex = 0; path = BucketList.app; sourceTree = BUILT_PRODUCTS_DIR; };
		50463F172A8EF285000D632E /* BucketListApp.swift */ = {isa = PBXFileReference; lastKnownFileType = sourcecode.swift; path = BucketListApp.swift; sourceTree = "<group>"; };
		50463F192A8EF285000D632E /* ContentView.swift */ = {isa = PBXFileReference; lastKnownFileType = sourcecode.swift; path = ContentView.swift; sourceTree = "<group>"; };
		50463F1B2A8EF286000D632E /* Assets.xcassets */ = {isa = PBXFileReference; lastKnownFileType = folder.assetcatalog; path = Assets.xcassets; sourceTree = "<group>"; };
		50463F1D2A8EF286000D632E /* BucketList.entitlements */ = {isa = PBXFileReference; lastKnownFileType = text.plist.entitlements; path = BucketList.entitlements; sourceTree = "<group>"; };
		50463F1F2A8EF286000D632E /* Preview Assets.xcassets */ = {isa = PBXFileReference; lastKnownFileType = folder.assetcatalog; path = "Preview Assets.xcassets"; sourceTree = "<group>"; };
		50463F272A8EF4E7000D632E /* ComparablePlaygroundView.swift */ = {isa = PBXFileReference; lastKnownFileType = sourcecode.swift; path = ComparablePlaygroundView.swift; sourceTree = "<group>"; };
		50463F292A8F0C64000D632E /* FileManagerPlaygroundView.swift */ = {isa = PBXFileReference; lastKnownFileType = sourcecode.swift; path = FileManagerPlaygroundView.swift; sourceTree = "<group>"; };
		50463F2B2A8F0FBF000D632E /* EnumsViewStatePlaygroundView.swift */ = {isa = PBXFileReference; lastKnownFileType = sourcecode.swift; path = EnumsViewStatePlaygroundView.swift; sourceTree = "<group>"; };
		50B529FF2AA64A4C00D5146A /* Result.swift */ = {isa = PBXFileReference; lastKnownFileType = sourcecode.swift; path = Result.swift; sourceTree = "<group>"; };
		50B52A022AA64F3000D5146A /* LocationEditView.swift */ = {isa = PBXFileReference; lastKnownFileType = sourcecode.swift; path = LocationEditView.swift; sourceTree = "<group>"; };
		50B52A042AA64F9A00D5146A /* MapView.swift */ = {isa = PBXFileReference; lastKnownFileType = sourcecode.swift; path = MapView.swift; sourceTree = "<group>"; };
/* End PBXFileReference section */

/* Begin PBXFrameworksBuildPhase section */
		50463F112A8EF285000D632E /* Frameworks */ = {
			isa = PBXFrameworksBuildPhase;
			buildActionMask = 2147483647;
			files = (
			);
			runOnlyForDeploymentPostprocessing = 0;
		};
/* End PBXFrameworksBuildPhase section */

/* Begin PBXGroup section */
		503893A42A903D0700449AF8 /* Extensions */ = {
			isa = PBXGroup;
			children = (
				503893A52A903D1800449AF8 /* FileManager+Functions.swift */,
			);
			path = Extensions;
			sourceTree = "<group>";
		};
		50463F0B2A8EF285000D632E = {
			isa = PBXGroup;
			children = (
				50463F162A8EF285000D632E /* BucketList */,
				50463F152A8EF285000D632E /* Products */,
			);
			sourceTree = "<group>";
		};
		50463F152A8EF285000D632E /* Products */ = {
			isa = PBXGroup;
			children = (
				50463F142A8EF285000D632E /* BucketList.app */,
			);
			name = Products;
			sourceTree = "<group>";
		};
		50463F162A8EF285000D632E /* BucketList */ = {
			isa = PBXGroup;
			children = (
				503893A42A903D0700449AF8 /* Extensions */,
				50B529FE2AA64A3800D5146A /* Models */,
				50463F262A8EF2CE000D632E /* Playground */,
				50B52A012AA64EF900D5146A /* Views */,
				50463F172A8EF285000D632E /* BucketListApp.swift */,
				50463F192A8EF285000D632E /* ContentView.swift */,
				50463F1B2A8EF286000D632E /* Assets.xcassets */,
				50463F1D2A8EF286000D632E /* BucketList.entitlements */,
				50463F1E2A8EF286000D632E /* Preview Content */,
			);
			path = BucketList;
			sourceTree = "<group>";
		};
		50463F1E2A8EF286000D632E /* Preview Content */ = {
			isa = PBXGroup;
			children = (
				50463F1F2A8EF286000D632E /* Preview Assets.xcassets */,
			);
			path = "Preview Content";
			sourceTree = "<group>";
		};
		50463F262A8EF2CE000D632E /* Playground */ = {
			isa = PBXGroup;
			children = (
				50463F272A8EF4E7000D632E /* ComparablePlaygroundView.swift */,
				50463F292A8F0C64000D632E /* FileManagerPlaygroundView.swift */,
				50463F2B2A8F0FBF000D632E /* EnumsViewStatePlaygroundView.swift */,
				503893AA2A906D6500449AF8 /* TouchAndFaceIdPlaygroundView.swift */,
				503893A72A9069FC00449AF8 /* MapKitPlaygroundView.swift */,
				501AA9742A97B3600087B31B /* MapImprovedAnnotationsPlaygroundView.swift */,
				501AA9782A97C9D80087B31B /* LocationEditPlaygroundView.swift */,
			);
			path = Playground;
			sourceTree = "<group>";
		};
		50B529FE2AA64A3800D5146A /* Models */ = {
			isa = PBXGroup;
			children = (
				501AA9762A97B4B80087B31B /* Location.swift */,
				50B529FF2AA64A4C00D5146A /* Result.swift */,
			);
			path = Models;
			sourceTree = "<group>";
		};
		50B52A012AA64EF900D5146A /* Views */ = {
			isa = PBXGroup;
			children = (
				50B52A022AA64F3000D5146A /* LocationEditView.swift */,
				50B52A042AA64F9A00D5146A /* MapView.swift */,
			);
			path = Views;
			sourceTree = "<group>";
		};
/* End PBXGroup section */

/* Begin PBXNativeTarget section */
		50463F132A8EF285000D632E /* BucketList */ = {
			isa = PBXNativeTarget;
			buildConfigurationList = 50463F232A8EF286000D632E /* Build configuration list for PBXNativeTarget "BucketList" */;
			buildPhases = (
				50463F102A8EF285000D632E /* Sources */,
				50463F112A8EF285000D632E /* Frameworks */,
				50463F122A8EF285000D632E /* Resources */,
			);
			buildRules = (
			);
			dependencies = (
			);
			name = BucketList;
			productName = BucketList;
			productReference = 50463F142A8EF285000D632E /* BucketList.app */;
			productType = "com.apple.product-type.application";
		};
/* End PBXNativeTarget section */

/* Begin PBXProject section */
		50463F0C2A8EF285000D632E /* Project object */ = {
			isa = PBXProject;
			attributes = {
				BuildIndependentTargetsInParallel = 1;
				LastSwiftUpdateCheck = 1430;
				LastUpgradeCheck = 1430;
				TargetAttributes = {
					50463F132A8EF285000D632E = {
						CreatedOnToolsVersion = 14.3.1;
					};
				};
			};
			buildConfigurationList = 50463F0F2A8EF285000D632E /* Build configuration list for PBXProject "BucketList" */;
			compatibilityVersion = "Xcode 14.0";
			developmentRegion = en;
			hasScannedForEncodings = 0;
			knownRegions = (
				en,
				Base,
			);
			mainGroup = 50463F0B2A8EF285000D632E;
			productRefGroup = 50463F152A8EF285000D632E /* Products */;
			projectDirPath = "";
			projectRoot = "";
			targets = (
				50463F132A8EF285000D632E /* BucketList */,
			);
		};
/* End PBXProject section */

/* Begin PBXResourcesBuildPhase section */
		50463F122A8EF285000D632E /* Resources */ = {
			isa = PBXResourcesBuildPhase;
			buildActionMask = 2147483647;
			files = (
				50463F202A8EF286000D632E /* Preview Assets.xcassets in Resources */,
				50463F1C2A8EF286000D632E /* Assets.xcassets in Resources */,
			);
			runOnlyForDeploymentPostprocessing = 0;
		};
/* End PBXResourcesBuildPhase section */

/* Begin PBXSourcesBuildPhase section */
		50463F102A8EF285000D632E /* Sources */ = {
			isa = PBXSourcesBuildPhase;
			buildActionMask = 2147483647;
			files = (
				503893A82A9069FC00449AF8 /* MapKitPlaygroundView.swift in Sources */,
				50463F282A8EF4E7000D632E /* ComparablePlaygroundView.swift in Sources */,
				501AA9772A97B4B80087B31B /* Location.swift in Sources */,
				501AA9752A97B3600087B31B /* MapImprovedAnnotationsPlaygroundView.swift in Sources */,
				50463F2A2A8F0C64000D632E /* FileManagerPlaygroundView.swift in Sources */,
				501AA9792A97C9D80087B31B /* LocationEditPlaygroundView.swift in Sources */,
				50B52A002AA64A4C00D5146A /* Result.swift in Sources */,
				50B52A052AA64F9A00D5146A /* MapView.swift in Sources */,
				503893AB2A906D6500449AF8 /* TouchAndFaceIdPlaygroundView.swift in Sources */,
				50463F1A2A8EF285000D632E /* ContentView.swift in Sources */,
				503893A62A903D1800449AF8 /* FileManager+Functions.swift in Sources */,
				50463F2C2A8F0FBF000D632E /* EnumsViewStatePlaygroundView.swift in Sources */,
				50463F182A8EF285000D632E /* BucketListApp.swift in Sources */,
				50B52A032AA64F3000D5146A /* LocationEditView.swift in Sources */,
			);
			runOnlyForDeploymentPostprocessing = 0;
		};
/* End PBXSourcesBuildPhase section */

/* Begin XCBuildConfiguration section */
		50463F212A8EF286000D632E /* Debug */ = {
			isa = XCBuildConfiguration;
			buildSettings = {
				ALWAYS_SEARCH_USER_PATHS = NO;
				CLANG_ANALYZER_NONNULL = YES;
				CLANG_ANALYZER_NUMBER_OBJECT_CONVERSION = YES_AGGRESSIVE;
				CLANG_CXX_LANGUAGE_STANDARD = "gnu++20";
				CLANG_ENABLE_MODULES = YES;
				CLANG_ENABLE_OBJC_ARC = YES;
				CLANG_ENABLE_OBJC_WEAK = YES;
				CLANG_WARN_BLOCK_CAPTURE_AUTORELEASING = YES;
				CLANG_WARN_BOOL_CONVERSION = YES;
				CLANG_WARN_COMMA = YES;
				CLANG_WARN_CONSTANT_CONVERSION = YES;
				CLANG_WARN_DEPRECATED_OBJC_IMPLEMENTATIONS = YES;
				CLANG_WARN_DIRECT_OBJC_ISA_USAGE = YES_ERROR;
				CLANG_WARN_DOCUMENTATION_COMMENTS = YES;
				CLANG_WARN_EMPTY_BODY = YES;
				CLANG_WARN_ENUM_CONVERSION = YES;
				CLANG_WARN_INFINITE_RECURSION = YES;
				CLANG_WARN_INT_CONVERSION = YES;
				CLANG_WARN_NON_LITERAL_NULL_CONVERSION = YES;
				CLANG_WARN_OBJC_IMPLICIT_RETAIN_SELF = YES;
				CLANG_WARN_OBJC_LITERAL_CONVERSION = YES;
				CLANG_WARN_OBJC_ROOT_CLASS = YES_ERROR;
				CLANG_WARN_QUOTED_INCLUDE_IN_FRAMEWORK_HEADER = YES;
				CLANG_WARN_RANGE_LOOP_ANALYSIS = YES;
				CLANG_WARN_STRICT_PROTOTYPES = YES;
				CLANG_WARN_SUSPICIOUS_MOVE = YES;
				CLANG_WARN_UNGUARDED_AVAILABILITY = YES_AGGRESSIVE;
				CLANG_WARN_UNREACHABLE_CODE = YES;
				CLANG_WARN__DUPLICATE_METHOD_MATCH = YES;
				COPY_PHASE_STRIP = NO;
				DEBUG_INFORMATION_FORMAT = dwarf;
				ENABLE_STRICT_OBJC_MSGSEND = YES;
				ENABLE_TESTABILITY = YES;
				GCC_C_LANGUAGE_STANDARD = gnu11;
				GCC_DYNAMIC_NO_PIC = NO;
				GCC_NO_COMMON_BLOCKS = YES;
				GCC_OPTIMIZATION_LEVEL = 0;
				GCC_PREPROCESSOR_DEFINITIONS = (
					"DEBUG=1",
					"$(inherited)",
				);
				GCC_WARN_64_TO_32_BIT_CONVERSION = YES;
				GCC_WARN_ABOUT_RETURN_TYPE = YES_ERROR;
				GCC_WARN_UNDECLARED_SELECTOR = YES;
				GCC_WARN_UNINITIALIZED_AUTOS = YES_AGGRESSIVE;
				GCC_WARN_UNUSED_FUNCTION = YES;
				GCC_WARN_UNUSED_VARIABLE = YES;
				MTL_ENABLE_DEBUG_INFO = INCLUDE_SOURCE;
				MTL_FAST_MATH = YES;
				ONLY_ACTIVE_ARCH = YES;
				SWIFT_ACTIVE_COMPILATION_CONDITIONS = DEBUG;
				SWIFT_OPTIMIZATION_LEVEL = "-Onone";
			};
			name = Debug;
		};
		50463F222A8EF286000D632E /* Release */ = {
			isa = XCBuildConfiguration;
			buildSettings = {
				ALWAYS_SEARCH_USER_PATHS = NO;
				CLANG_ANALYZER_NONNULL = YES;
				CLANG_ANALYZER_NUMBER_OBJECT_CONVERSION = YES_AGGRESSIVE;
				CLANG_CXX_LANGUAGE_STANDARD = "gnu++20";
				CLANG_ENABLE_MODULES = YES;
				CLANG_ENABLE_OBJC_ARC = YES;
				CLANG_ENABLE_OBJC_WEAK = YES;
				CLANG_WARN_BLOCK_CAPTURE_AUTORELEASING = YES;
				CLANG_WARN_BOOL_CONVERSION = YES;
				CLANG_WARN_COMMA = YES;
				CLANG_WARN_CONSTANT_CONVERSION = YES;
				CLANG_WARN_DEPRECATED_OBJC_IMPLEMENTATIONS = YES;
				CLANG_WARN_DIRECT_OBJC_ISA_USAGE = YES_ERROR;
				CLANG_WARN_DOCUMENTATION_COMMENTS = YES;
				CLANG_WARN_EMPTY_BODY = YES;
				CLANG_WARN_ENUM_CONVERSION = YES;
				CLANG_WARN_INFINITE_RECURSION = YES;
				CLANG_WARN_INT_CONVERSION = YES;
				CLANG_WARN_NON_LITERAL_NULL_CONVERSION = YES;
				CLANG_WARN_OBJC_IMPLICIT_RETAIN_SELF = YES;
				CLANG_WARN_OBJC_LITERAL_CONVERSION = YES;
				CLANG_WARN_OBJC_ROOT_CLASS = YES_ERROR;
				CLANG_WARN_QUOTED_INCLUDE_IN_FRAMEWORK_HEADER = YES;
				CLANG_WARN_RANGE_LOOP_ANALYSIS = YES;
				CLANG_WARN_STRICT_PROTOTYPES = YES;
				CLANG_WARN_SUSPICIOUS_MOVE = YES;
				CLANG_WARN_UNGUARDED_AVAILABILITY = YES_AGGRESSIVE;
				CLANG_WARN_UNREACHABLE_CODE = YES;
				CLANG_WARN__DUPLICATE_METHOD_MATCH = YES;
				COPY_PHASE_STRIP = NO;
				DEBUG_INFORMATION_FORMAT = "dwarf-with-dsym";
				ENABLE_NS_ASSERTIONS = NO;
				ENABLE_STRICT_OBJC_MSGSEND = YES;
				GCC_C_LANGUAGE_STANDARD = gnu11;
				GCC_NO_COMMON_BLOCKS = YES;
				GCC_WARN_64_TO_32_BIT_CONVERSION = YES;
				GCC_WARN_ABOUT_RETURN_TYPE = YES_ERROR;
				GCC_WARN_UNDECLARED_SELECTOR = YES;
				GCC_WARN_UNINITIALIZED_AUTOS = YES_AGGRESSIVE;
				GCC_WARN_UNUSED_FUNCTION = YES;
				GCC_WARN_UNUSED_VARIABLE = YES;
				MTL_ENABLE_DEBUG_INFO = NO;
				MTL_FAST_MATH = YES;
				SWIFT_COMPILATION_MODE = wholemodule;
				SWIFT_OPTIMIZATION_LEVEL = "-O";
			};
			name = Release;
		};
		50463F242A8EF286000D632E /* Debug */ = {
			isa = XCBuildConfiguration;
			buildSettings = {
				ASSETCATALOG_COMPILER_APPICON_NAME = AppIcon;
				ASSETCATALOG_COMPILER_GLOBAL_ACCENT_COLOR_NAME = AccentColor;
				CODE_SIGN_ENTITLEMENTS = BucketList/BucketList.entitlements;
				CODE_SIGN_STYLE = Automatic;
				CURRENT_PROJECT_VERSION = 1;
				DEVELOPMENT_ASSET_PATHS = "\"BucketList/Preview Content\"";
				DEVELOPMENT_TEAM = 62YR6KL763;
				ENABLE_HARDENED_RUNTIME = YES;
				ENABLE_PREVIEWS = YES;
				GENERATE_INFOPLIST_FILE = YES;
				INFOPLIST_KEY_NSFaceIDUsageDescription = "We need to unlock your data.";
				"INFOPLIST_KEY_UIApplicationSceneManifest_Generation[sdk=iphoneos*]" = YES;
				"INFOPLIST_KEY_UIApplicationSceneManifest_Generation[sdk=iphonesimulator*]" = YES;
				"INFOPLIST_KEY_UIApplicationSupportsIndirectInputEvents[sdk=iphoneos*]" = YES;
				"INFOPLIST_KEY_UIApplicationSupportsIndirectInputEvents[sdk=iphonesimulator*]" = YES;
				"INFOPLIST_KEY_UILaunchScreen_Generation[sdk=iphoneos*]" = YES;
				"INFOPLIST_KEY_UILaunchScreen_Generation[sdk=iphonesimulator*]" = YES;
				"INFOPLIST_KEY_UIStatusBarStyle[sdk=iphoneos*]" = UIStatusBarStyleDefault;
				"INFOPLIST_KEY_UIStatusBarStyle[sdk=iphonesimulator*]" = UIStatusBarStyleDefault;
				INFOPLIST_KEY_UISupportedInterfaceOrientations_iPad = "UIInterfaceOrientationPortrait UIInterfaceOrientationPortraitUpsideDown UIInterfaceOrientationLandscapeLeft UIInterfaceOrientationLandscapeRight";
				INFOPLIST_KEY_UISupportedInterfaceOrientations_iPhone = "UIInterfaceOrientationPortrait UIInterfaceOrientationLandscapeLeft UIInterfaceOrientationLandscapeRight";
				IPHONEOS_DEPLOYMENT_TARGET = 16.4;
				LD_RUNPATH_SEARCH_PATHS = "@executable_path/Frameworks";
				"LD_RUNPATH_SEARCH_PATHS[sdk=macosx*]" = "@executable_path/../Frameworks";
				MACOSX_DEPLOYMENT_TARGET = 13.3;
				MARKETING_VERSION = 1.0;
				PRODUCT_BUNDLE_IDENTIFIER = me.grillo.mauro.BucketList;
				PRODUCT_NAME = "$(TARGET_NAME)";
				SDKROOT = auto;
				SUPPORTED_PLATFORMS = "iphoneos iphonesimulator";
				SUPPORTS_MACCATALYST = NO;
				SUPPORTS_MAC_DESIGNED_FOR_IPHONE_IPAD = NO;
				SWIFT_EMIT_LOC_STRINGS = YES;
				SWIFT_VERSION = 5.0;
				TARGETED_DEVICE_FAMILY = "1,2";
			};
			name = Debug;
		};
		50463F252A8EF286000D632E /* Release */ = {
			isa = XCBuildConfiguration;
			buildSettings = {
				ASSETCATALOG_COMPILER_APPICON_NAME = AppIcon;
				ASSETCATALOG_COMPILER_GLOBAL_ACCENT_COLOR_NAME = AccentColor;
				CODE_SIGN_ENTITLEMENTS = BucketList/BucketList.entitlements;
				CODE_SIGN_STYLE = Automatic;
				CURRENT_PROJECT_VERSION = 1;
				DEVELOPMENT_ASSET_PATHS = "\"BucketList/Preview Content\"";
				DEVELOPMENT_TEAM = 62YR6KL763;
				ENABLE_HARDENED_RUNTIME = YES;
				ENABLE_PREVIEWS = YES;
				GENERATE_INFOPLIST_FILE = YES;
				INFOPLIST_KEY_NSFaceIDUsageDescription = "We need to unlock your data.";
				"INFOPLIST_KEY_UIApplicationSceneManifest_Generation[sdk=iphoneos*]" = YES;
				"INFOPLIST_KEY_UIApplicationSceneManifest_Generation[sdk=iphonesimulator*]" = YES;
				"INFOPLIST_KEY_UIApplicationSupportsIndirectInputEvents[sdk=iphoneos*]" = YES;
				"INFOPLIST_KEY_UIApplicationSupportsIndirectInputEvents[sdk=iphonesimulator*]" = YES;
				"INFOPLIST_KEY_UILaunchScreen_Generation[sdk=iphoneos*]" = YES;
				"INFOPLIST_KEY_UILaunchScreen_Generation[sdk=iphonesimulator*]" = YES;
				"INFOPLIST_KEY_UIStatusBarStyle[sdk=iphoneos*]" = UIStatusBarStyleDefault;
				"INFOPLIST_KEY_UIStatusBarStyle[sdk=iphonesimulator*]" = UIStatusBarStyleDefault;
				INFOPLIST_KEY_UISupportedInterfaceOrientations_iPad = "UIInterfaceOrientationPortrait UIInterfaceOrientationPortraitUpsideDown UIInterfaceOrientationLandscapeLeft UIInterfaceOrientationLandscapeRight";
				INFOPLIST_KEY_UISupportedInterfaceOrientations_iPhone = "UIInterfaceOrientationPortrait UIInterfaceOrientationLandscapeLeft UIInterfaceOrientationLandscapeRight";
				IPHONEOS_DEPLOYMENT_TARGET = 16.4;
				LD_RUNPATH_SEARCH_PATHS = "@executable_path/Frameworks";
				"LD_RUNPATH_SEARCH_PATHS[sdk=macosx*]" = "@executable_path/../Frameworks";
				MACOSX_DEPLOYMENT_TARGET = 13.3;
				MARKETING_VERSION = 1.0;
				PRODUCT_BUNDLE_IDENTIFIER = me.grillo.mauro.BucketList;
				PRODUCT_NAME = "$(TARGET_NAME)";
				SDKROOT = auto;
				SUPPORTED_PLATFORMS = "iphoneos iphonesimulator";
				SUPPORTS_MACCATALYST = NO;
				SUPPORTS_MAC_DESIGNED_FOR_IPHONE_IPAD = NO;
				SWIFT_EMIT_LOC_STRINGS = YES;
				SWIFT_VERSION = 5.0;
				TARGETED_DEVICE_FAMILY = "1,2";
			};
			name = Release;
		};
/* End XCBuildConfiguration section */

/* Begin XCConfigurationList section */
		50463F0F2A8EF285000D632E /* Build configuration list for PBXProject "BucketList" */ = {
			isa = XCConfigurationList;
			buildConfigurations = (
				50463F212A8EF286000D632E /* Debug */,
				50463F222A8EF286000D632E /* Release */,
			);
			defaultConfigurationIsVisible = 0;
			defaultConfigurationName = Release;
		};
		50463F232A8EF286000D632E /* Build configuration list for PBXNativeTarget "BucketList" */ = {
			isa = XCConfigurationList;
			buildConfigurations = (
				50463F242A8EF286000D632E /* Debug */,
				50463F252A8EF286000D632E /* Release */,
			);
			defaultConfigurationIsVisible = 0;
			defaultConfigurationName = Release;
		};
/* End XCConfigurationList section */
	};
	rootObject = 50463F0C2A8EF285000D632E /* Project object */;
}
