// !$*UTF8*$!
{
	archiveVersion = 1;
	classes = {
	};
	objectVersion = 56;
	objects = {

/* Begin PBXBuildFile section */
		500370F32ABC79DD00C3BA0A /* AccessibilitySandboxApp.swift in Sources */ = {isa = PBXBuildFile; fileRef = 500370F22ABC79DD00C3BA0A /* AccessibilitySandboxApp.swift */; };
		500370F52ABC79DD00C3BA0A /* ContentView.swift in Sources */ = {isa = PBXBuildFile; fileRef = 500370F42ABC79DD00C3BA0A /* ContentView.swift */; };
		500370F72ABC79DF00C3BA0A /* Assets.xcassets in Resources */ = {isa = PBXBuildFile; fileRef = 500370F62ABC79DF00C3BA0A /* Assets.xcassets */; };
		500370FB2ABC79DF00C3BA0A /* Preview Assets.xcassets in Resources */ = {isa = PBXBuildFile; fileRef = 500370FA2ABC79DF00C3BA0A /* Preview Assets.xcassets */; };
		500371072ABC867A00C3BA0A /* VoiceOverViewPlayground.swift in Sources */ = {isa = PBXBuildFile; fileRef = 500371062ABC867A00C3BA0A /* VoiceOverViewPlayground.swift */; };
		50E515632ABF342200FDD91C /* HidingAndGroupingA11YData.swift in Sources */ = {isa = PBXBuildFile; fileRef = 50E515622ABF342200FDD91C /* HidingAndGroupingA11YData.swift */; };
		50E515652ABF364900FDD91C /* ReadingValueControls.swift in Sources */ = {isa = PBXBuildFile; fileRef = 50E515642ABF364900FDD91C /* ReadingValueControls.swift */; };
/* End PBXBuildFile section */

/* Begin PBXFileReference section */
		500370EF2ABC79DD00C3BA0A /* AccessibilitySandbox.app */ = {isa = PBXFileReference; explicitFileType = wrapper.application; includeInIndex = 0; path = AccessibilitySandbox.app; sourceTree = BUILT_PRODUCTS_DIR; };
		500370F22ABC79DD00C3BA0A /* AccessibilitySandboxApp.swift */ = {isa = PBXFileReference; lastKnownFileType = sourcecode.swift; path = AccessibilitySandboxApp.swift; sourceTree = "<group>"; };
		500370F42ABC79DD00C3BA0A /* ContentView.swift */ = {isa = PBXFileReference; lastKnownFileType = sourcecode.swift; path = ContentView.swift; sourceTree = "<group>"; };
		500370F62ABC79DF00C3BA0A /* Assets.xcassets */ = {isa = PBXFileReference; lastKnownFileType = folder.assetcatalog; path = Assets.xcassets; sourceTree = "<group>"; };
		500370F82ABC79DF00C3BA0A /* AccessibilitySandbox.entitlements */ = {isa = PBXFileReference; lastKnownFileType = text.plist.entitlements; path = AccessibilitySandbox.entitlements; sourceTree = "<group>"; };
		500370FA2ABC79DF00C3BA0A /* Preview Assets.xcassets */ = {isa = PBXFileReference; lastKnownFileType = folder.assetcatalog; path = "Preview Assets.xcassets"; sourceTree = "<group>"; };
		500371062ABC867A00C3BA0A /* VoiceOverViewPlayground.swift */ = {isa = PBXFileReference; lastKnownFileType = sourcecode.swift; path = VoiceOverViewPlayground.swift; sourceTree = "<group>"; };
		50E515622ABF342200FDD91C /* HidingAndGroupingA11YData.swift */ = {isa = PBXFileReference; lastKnownFileType = sourcecode.swift; path = HidingAndGroupingA11YData.swift; sourceTree = "<group>"; };
		50E515642ABF364900FDD91C /* ReadingValueControls.swift */ = {isa = PBXFileReference; lastKnownFileType = sourcecode.swift; path = ReadingValueControls.swift; sourceTree = "<group>"; };
/* End PBXFileReference section */

/* Begin PBXFrameworksBuildPhase section */
		500370EC2ABC79DD00C3BA0A /* Frameworks */ = {
			isa = PBXFrameworksBuildPhase;
			buildActionMask = 2147483647;
			files = (
			);
			runOnlyForDeploymentPostprocessing = 0;
		};
/* End PBXFrameworksBuildPhase section */

/* Begin PBXGroup section */
		500370E62ABC79DD00C3BA0A = {
			isa = PBXGroup;
			children = (
				500370F12ABC79DD00C3BA0A /* AccessibilitySandbox */,
				500370F02ABC79DD00C3BA0A /* Products */,
			);
			sourceTree = "<group>";
		};
		500370F02ABC79DD00C3BA0A /* Products */ = {
			isa = PBXGroup;
			children = (
				500370EF2ABC79DD00C3BA0A /* AccessibilitySandbox.app */,
			);
			name = Products;
			sourceTree = "<group>";
		};
		500370F12ABC79DD00C3BA0A /* AccessibilitySandbox */ = {
			isa = PBXGroup;
			children = (
				500371042ABC864800C3BA0A /* Playground */,
				500371012ABC860F00C3BA0A /* Views */,
				500370F22ABC79DD00C3BA0A /* AccessibilitySandboxApp.swift */,
				500370F62ABC79DF00C3BA0A /* Assets.xcassets */,
				500370F82ABC79DF00C3BA0A /* AccessibilitySandbox.entitlements */,
				500370F92ABC79DF00C3BA0A /* Preview Content */,
			);
			path = AccessibilitySandbox;
			sourceTree = "<group>";
		};
		500370F92ABC79DF00C3BA0A /* Preview Content */ = {
			isa = PBXGroup;
			children = (
				500370FA2ABC79DF00C3BA0A /* Preview Assets.xcassets */,
			);
			path = "Preview Content";
			sourceTree = "<group>";
		};
		500371012ABC860F00C3BA0A /* Views */ = {
			isa = PBXGroup;
			children = (
				500370F42ABC79DD00C3BA0A /* ContentView.swift */,
			);
			path = Views;
			sourceTree = "<group>";
		};
		500371042ABC864800C3BA0A /* Playground */ = {
			isa = PBXGroup;
			children = (
				500371052ABC865600C3BA0A /* Views */,
			);
			path = Playground;
			sourceTree = "<group>";
		};
		500371052ABC865600C3BA0A /* Views */ = {
			isa = PBXGroup;
			children = (
				500371062ABC867A00C3BA0A /* VoiceOverViewPlayground.swift */,
				50E515622ABF342200FDD91C /* HidingAndGroupingA11YData.swift */,
				50E515642ABF364900FDD91C /* ReadingValueControls.swift */,
			);
			path = Views;
			sourceTree = "<group>";
		};
/* End PBXGroup section */

/* Begin PBXNativeTarget section */
		500370EE2ABC79DD00C3BA0A /* AccessibilitySandbox */ = {
			isa = PBXNativeTarget;
			buildConfigurationList = 500370FE2ABC79DF00C3BA0A /* Build configuration list for PBXNativeTarget "AccessibilitySandbox" */;
			buildPhases = (
				500370EB2ABC79DD00C3BA0A /* Sources */,
				500370EC2ABC79DD00C3BA0A /* Frameworks */,
				500370ED2ABC79DD00C3BA0A /* Resources */,
			);
			buildRules = (
			);
			dependencies = (
			);
			name = AccessibilitySandbox;
			productName = AccessibilitySandbox;
			productReference = 500370EF2ABC79DD00C3BA0A /* AccessibilitySandbox.app */;
			productType = "com.apple.product-type.application";
		};
/* End PBXNativeTarget section */

/* Begin PBXProject section */
		500370E72ABC79DD00C3BA0A /* Project object */ = {
			isa = PBXProject;
			attributes = {
				BuildIndependentTargetsInParallel = 1;
				LastSwiftUpdateCheck = 1430;
				LastUpgradeCheck = 1430;
				TargetAttributes = {
					500370EE2ABC79DD00C3BA0A = {
						CreatedOnToolsVersion = 14.3.1;
					};
				};
			};
			buildConfigurationList = 500370EA2ABC79DD00C3BA0A /* Build configuration list for PBXProject "AccessibilitySandbox" */;
			compatibilityVersion = "Xcode 14.0";
			developmentRegion = en;
			hasScannedForEncodings = 0;
			knownRegions = (
				en,
				Base,
			);
			mainGroup = 500370E62ABC79DD00C3BA0A;
			productRefGroup = 500370F02ABC79DD00C3BA0A /* Products */;
			projectDirPath = "";
			projectRoot = "";
			targets = (
				500370EE2ABC79DD00C3BA0A /* AccessibilitySandbox */,
			);
		};
/* End PBXProject section */

/* Begin PBXResourcesBuildPhase section */
		500370ED2ABC79DD00C3BA0A /* Resources */ = {
			isa = PBXResourcesBuildPhase;
			buildActionMask = 2147483647;
			files = (
				500370FB2ABC79DF00C3BA0A /* Preview Assets.xcassets in Resources */,
				500370F72ABC79DF00C3BA0A /* Assets.xcassets in Resources */,
			);
			runOnlyForDeploymentPostprocessing = 0;
		};
/* End PBXResourcesBuildPhase section */

/* Begin PBXSourcesBuildPhase section */
		500370EB2ABC79DD00C3BA0A /* Sources */ = {
			isa = PBXSourcesBuildPhase;
			buildActionMask = 2147483647;
			files = (
				500370F52ABC79DD00C3BA0A /* ContentView.swift in Sources */,
				50E515632ABF342200FDD91C /* HidingAndGroupingA11YData.swift in Sources */,
				50E515652ABF364900FDD91C /* ReadingValueControls.swift in Sources */,
				500370F32ABC79DD00C3BA0A /* AccessibilitySandboxApp.swift in Sources */,
				500371072ABC867A00C3BA0A /* VoiceOverViewPlayground.swift in Sources */,
			);
			runOnlyForDeploymentPostprocessing = 0;
		};
/* End PBXSourcesBuildPhase section */

/* Begin XCBuildConfiguration section */
		500370FC2ABC79DF00C3BA0A /* Debug */ = {
			isa = XCBuildConfiguration;
			buildSettings = {
				ALWAYS_SEARCH_USER_PATHS = NO;
				CLANG_ANALYZER_NONNULL = YES;
				CLANG_ANALYZER_NUMBER_OBJECT_CONVERSION = YES_AGGRESSIVE;
				CLANG_CXX_LANGUAGE_STANDARD = "gnu++20";
				CLANG_ENABLE_MODULES = YES;
				CLANG_ENABLE_OBJC_ARC = YES;
				CLANG_ENABLE_OBJC_WEAK = YES;
				CLANG_WARN_BLOCK_CAPTURE_AUTORELEASING = YES;
				CLANG_WARN_BOOL_CONVERSION = YES;
				CLANG_WARN_COMMA = YES;
				CLANG_WARN_CONSTANT_CONVERSION = YES;
				CLANG_WARN_DEPRECATED_OBJC_IMPLEMENTATIONS = YES;
				CLANG_WARN_DIRECT_OBJC_ISA_USAGE = YES_ERROR;
				CLANG_WARN_DOCUMENTATION_COMMENTS = YES;
				CLANG_WARN_EMPTY_BODY = YES;
				CLANG_WARN_ENUM_CONVERSION = YES;
				CLANG_WARN_INFINITE_RECURSION = YES;
				CLANG_WARN_INT_CONVERSION = YES;
				CLANG_WARN_NON_LITERAL_NULL_CONVERSION = YES;
				CLANG_WARN_OBJC_IMPLICIT_RETAIN_SELF = YES;
				CLANG_WARN_OBJC_LITERAL_CONVERSION = YES;
				CLANG_WARN_OBJC_ROOT_CLASS = YES_ERROR;
				CLANG_WARN_QUOTED_INCLUDE_IN_FRAMEWORK_HEADER = YES;
				CLANG_WARN_RANGE_LOOP_ANALYSIS = YES;
				CLANG_WARN_STRICT_PROTOTYPES = YES;
				CLANG_WARN_SUSPICIOUS_MOVE = YES;
				CLANG_WARN_UNGUARDED_AVAILABILITY = YES_AGGRESSIVE;
				CLANG_WARN_UNREACHABLE_CODE = YES;
				CLANG_WARN__DUPLICATE_METHOD_MATCH = YES;
				COPY_PHASE_STRIP = NO;
				DEBUG_INFORMATION_FORMAT = dwarf;
				ENABLE_STRICT_OBJC_MSGSEND = YES;
				ENABLE_TESTABILITY = YES;
				GCC_C_LANGUAGE_STANDARD = gnu11;
				GCC_DYNAMIC_NO_PIC = NO;
				GCC_NO_COMMON_BLOCKS = YES;
				GCC_OPTIMIZATION_LEVEL = 0;
				GCC_PREPROCESSOR_DEFINITIONS = (
					"DEBUG=1",
					"$(inherited)",
				);
				GCC_WARN_64_TO_32_BIT_CONVERSION = YES;
				GCC_WARN_ABOUT_RETURN_TYPE = YES_ERROR;
				GCC_WARN_UNDECLARED_SELECTOR = YES;
				GCC_WARN_UNINITIALIZED_AUTOS = YES_AGGRESSIVE;
				GCC_WARN_UNUSED_FUNCTION = YES;
				GCC_WARN_UNUSED_VARIABLE = YES;
				MTL_ENABLE_DEBUG_INFO = INCLUDE_SOURCE;
				MTL_FAST_MATH = YES;
				ONLY_ACTIVE_ARCH = YES;
				SWIFT_ACTIVE_COMPILATION_CONDITIONS = DEBUG;
				SWIFT_OPTIMIZATION_LEVEL = "-Onone";
			};
			name = Debug;
		};
		500370FD2ABC79DF00C3BA0A /* Release */ = {
			isa = XCBuildConfiguration;
			buildSettings = {
				ALWAYS_SEARCH_USER_PATHS = NO;
				CLANG_ANALYZER_NONNULL = YES;
				CLANG_ANALYZER_NUMBER_OBJECT_CONVERSION = YES_AGGRESSIVE;
				CLANG_CXX_LANGUAGE_STANDARD = "gnu++20";
				CLANG_ENABLE_MODULES = YES;
				CLANG_ENABLE_OBJC_ARC = YES;
				CLANG_ENABLE_OBJC_WEAK = YES;
				CLANG_WARN_BLOCK_CAPTURE_AUTORELEASING = YES;
				CLANG_WARN_BOOL_CONVERSION = YES;
				CLANG_WARN_COMMA = YES;
				CLANG_WARN_CONSTANT_CONVERSION = YES;
				CLANG_WARN_DEPRECATED_OBJC_IMPLEMENTATIONS = YES;
				CLANG_WARN_DIRECT_OBJC_ISA_USAGE = YES_ERROR;
				CLANG_WARN_DOCUMENTATION_COMMENTS = YES;
				CLANG_WARN_EMPTY_BODY = YES;
				CLANG_WARN_ENUM_CONVERSION = YES;
				CLANG_WARN_INFINITE_RECURSION = YES;
				CLANG_WARN_INT_CONVERSION = YES;
				CLANG_WARN_NON_LITERAL_NULL_CONVERSION = YES;
				CLANG_WARN_OBJC_IMPLICIT_RETAIN_SELF = YES;
				CLANG_WARN_OBJC_LITERAL_CONVERSION = YES;
				CLANG_WARN_OBJC_ROOT_CLASS = YES_ERROR;
				CLANG_WARN_QUOTED_INCLUDE_IN_FRAMEWORK_HEADER = YES;
				CLANG_WARN_RANGE_LOOP_ANALYSIS = YES;
				CLANG_WARN_STRICT_PROTOTYPES = YES;
				CLANG_WARN_SUSPICIOUS_MOVE = YES;
				CLANG_WARN_UNGUARDED_AVAILABILITY = YES_AGGRESSIVE;
				CLANG_WARN_UNREACHABLE_CODE = YES;
				CLANG_WARN__DUPLICATE_METHOD_MATCH = YES;
				COPY_PHASE_STRIP = NO;
				DEBUG_INFORMATION_FORMAT = "dwarf-with-dsym";
				ENABLE_NS_ASSERTIONS = NO;
				ENABLE_STRICT_OBJC_MSGSEND = YES;
				GCC_C_LANGUAGE_STANDARD = gnu11;
				GCC_NO_COMMON_BLOCKS = YES;
				GCC_WARN_64_TO_32_BIT_CONVERSION = YES;
				GCC_WARN_ABOUT_RETURN_TYPE = YES_ERROR;
				GCC_WARN_UNDECLARED_SELECTOR = YES;
				GCC_WARN_UNINITIALIZED_AUTOS = YES_AGGRESSIVE;
				GCC_WARN_UNUSED_FUNCTION = YES;
				GCC_WARN_UNUSED_VARIABLE = YES;
				MTL_ENABLE_DEBUG_INFO = NO;
				MTL_FAST_MATH = YES;
				SWIFT_COMPILATION_MODE = wholemodule;
				SWIFT_OPTIMIZATION_LEVEL = "-O";
			};
			name = Release;
		};
		500370FF2ABC79DF00C3BA0A /* Debug */ = {
			isa = XCBuildConfiguration;
			buildSettings = {
				ASSETCATALOG_COMPILER_APPICON_NAME = AppIcon;
				ASSETCATALOG_COMPILER_GLOBAL_ACCENT_COLOR_NAME = AccentColor;
				CODE_SIGN_ENTITLEMENTS = AccessibilitySandbox/AccessibilitySandbox.entitlements;
				CODE_SIGN_STYLE = Automatic;
				CURRENT_PROJECT_VERSION = 1;
				DEVELOPMENT_ASSET_PATHS = "\"AccessibilitySandbox/Preview Content\"";
				DEVELOPMENT_TEAM = 62YR6KL763;
				ENABLE_HARDENED_RUNTIME = YES;
				ENABLE_PREVIEWS = YES;
				GENERATE_INFOPLIST_FILE = YES;
				"INFOPLIST_KEY_UIApplicationSceneManifest_Generation[sdk=iphoneos*]" = YES;
				"INFOPLIST_KEY_UIApplicationSceneManifest_Generation[sdk=iphonesimulator*]" = YES;
				"INFOPLIST_KEY_UIApplicationSupportsIndirectInputEvents[sdk=iphoneos*]" = YES;
				"INFOPLIST_KEY_UIApplicationSupportsIndirectInputEvents[sdk=iphonesimulator*]" = YES;
				"INFOPLIST_KEY_UILaunchScreen_Generation[sdk=iphoneos*]" = YES;
				"INFOPLIST_KEY_UILaunchScreen_Generation[sdk=iphonesimulator*]" = YES;
				"INFOPLIST_KEY_UIStatusBarStyle[sdk=iphoneos*]" = UIStatusBarStyleDefault;
				"INFOPLIST_KEY_UIStatusBarStyle[sdk=iphonesimulator*]" = UIStatusBarStyleDefault;
				INFOPLIST_KEY_UISupportedInterfaceOrientations_iPad = "UIInterfaceOrientationPortrait UIInterfaceOrientationPortraitUpsideDown UIInterfaceOrientationLandscapeLeft UIInterfaceOrientationLandscapeRight";
				INFOPLIST_KEY_UISupportedInterfaceOrientations_iPhone = "UIInterfaceOrientationPortrait UIInterfaceOrientationLandscapeLeft UIInterfaceOrientationLandscapeRight";
				IPHONEOS_DEPLOYMENT_TARGET = 16.4;
				LD_RUNPATH_SEARCH_PATHS = "@executable_path/Frameworks";
				"LD_RUNPATH_SEARCH_PATHS[sdk=macosx*]" = "@executable_path/../Frameworks";
				MACOSX_DEPLOYMENT_TARGET = 13.3;
				MARKETING_VERSION = 1.0;
				PRODUCT_BUNDLE_IDENTIFIER = me.grillo.mauro.AccessibilitySandbox;
				PRODUCT_NAME = "$(TARGET_NAME)";
				SDKROOT = auto;
				SUPPORTED_PLATFORMS = "iphoneos iphonesimulator macosx";
				SWIFT_EMIT_LOC_STRINGS = YES;
				SWIFT_VERSION = 5.0;
				TARGETED_DEVICE_FAMILY = "1,2";
			};
			name = Debug;
		};
		500371002ABC79DF00C3BA0A /* Release */ = {
			isa = XCBuildConfiguration;
			buildSettings = {
				ASSETCATALOG_COMPILER_APPICON_NAME = AppIcon;
				ASSETCATALOG_COMPILER_GLOBAL_ACCENT_COLOR_NAME = AccentColor;
				CODE_SIGN_ENTITLEMENTS = AccessibilitySandbox/AccessibilitySandbox.entitlements;
				CODE_SIGN_STYLE = Automatic;
				CURRENT_PROJECT_VERSION = 1;
				DEVELOPMENT_ASSET_PATHS = "\"AccessibilitySandbox/Preview Content\"";
				DEVELOPMENT_TEAM = 62YR6KL763;
				ENABLE_HARDENED_RUNTIME = YES;
				ENABLE_PREVIEWS = YES;
				GENERATE_INFOPLIST_FILE = YES;
				"INFOPLIST_KEY_UIApplicationSceneManifest_Generation[sdk=iphoneos*]" = YES;
				"INFOPLIST_KEY_UIApplicationSceneManifest_Generation[sdk=iphonesimulator*]" = YES;
				"INFOPLIST_KEY_UIApplicationSupportsIndirectInputEvents[sdk=iphoneos*]" = YES;
				"INFOPLIST_KEY_UIApplicationSupportsIndirectInputEvents[sdk=iphonesimulator*]" = YES;
				"INFOPLIST_KEY_UILaunchScreen_Generation[sdk=iphoneos*]" = YES;
				"INFOPLIST_KEY_UILaunchScreen_Generation[sdk=iphonesimulator*]" = YES;
				"INFOPLIST_KEY_UIStatusBarStyle[sdk=iphoneos*]" = UIStatusBarStyleDefault;
				"INFOPLIST_KEY_UIStatusBarStyle[sdk=iphonesimulator*]" = UIStatusBarStyleDefault;
				INFOPLIST_KEY_UISupportedInterfaceOrientations_iPad = "UIInterfaceOrientationPortrait UIInterfaceOrientationPortraitUpsideDown UIInterfaceOrientationLandscapeLeft UIInterfaceOrientationLandscapeRight";
				INFOPLIST_KEY_UISupportedInterfaceOrientations_iPhone = "UIInterfaceOrientationPortrait UIInterfaceOrientationLandscapeLeft UIInterfaceOrientationLandscapeRight";
				IPHONEOS_DEPLOYMENT_TARGET = 16.4;
				LD_RUNPATH_SEARCH_PATHS = "@executable_path/Frameworks";
				"LD_RUNPATH_SEARCH_PATHS[sdk=macosx*]" = "@executable_path/../Frameworks";
				MACOSX_DEPLOYMENT_TARGET = 13.3;
				MARKETING_VERSION = 1.0;
				PRODUCT_BUNDLE_IDENTIFIER = me.grillo.mauro.AccessibilitySandbox;
				PRODUCT_NAME = "$(TARGET_NAME)";
				SDKROOT = auto;
				SUPPORTED_PLATFORMS = "iphoneos iphonesimulator macosx";
				SWIFT_EMIT_LOC_STRINGS = YES;
				SWIFT_VERSION = 5.0;
				TARGETED_DEVICE_FAMILY = "1,2";
			};
			name = Release;
		};
/* End XCBuildConfiguration section */

/* Begin XCConfigurationList section */
		500370EA2ABC79DD00C3BA0A /* Build configuration list for PBXProject "AccessibilitySandbox" */ = {
			isa = XCConfigurationList;
			buildConfigurations = (
				500370FC2ABC79DF00C3BA0A /* Debug */,
				500370FD2ABC79DF00C3BA0A /* Release */,
			);
			defaultConfigurationIsVisible = 0;
			defaultConfigurationName = Release;
		};
		500370FE2ABC79DF00C3BA0A /* Build configuration list for PBXNativeTarget "AccessibilitySandbox" */ = {
			isa = XCConfigurationList;
			buildConfigurations = (
				500370FF2ABC79DF00C3BA0A /* Debug */,
				500371002ABC79DF00C3BA0A /* Release */,
			);
			defaultConfigurationIsVisible = 0;
			defaultConfigurationName = Release;
		};
/* End XCConfigurationList section */
	};
	rootObject = 500370E72ABC79DD00C3BA0A /* Project object */;
}
