// !$*UTF8*$!
{
	archiveVersion = 1;
	classes = {
	};
	objectVersion = 56;
	objects = {

/* Begin PBXBuildFile section */
		50006F3B2B4C4D7000DE718D /* EditCards.swift in Sources */ = {isa = PBXBuildFile; fileRef = 50006F3A2B4C4D7000DE718D /* EditCards.swift */; };
		50006F402B4DA22300DE718D /* FileManager+Extension.swift in Sources */ = {isa = PBXBuildFile; fileRef = 50006F3F2B4DA22300DE718D /* FileManager+Extension.swift */; };
		50B03FDE2B4733B200A65EFC /* FlashzillaApp.swift in Sources */ = {isa = PBXBuildFile; fileRef = 50B03FDD2B4733B200A65EFC /* FlashzillaApp.swift */; };
		50B03FE02B4733B200A65EFC /* ContentView.swift in Sources */ = {isa = PBXBuildFile; fileRef = 50B03FDF2B4733B200A65EFC /* ContentView.swift */; };
		50B03FE22B4733B400A65EFC /* Assets.xcassets in Resources */ = {isa = PBXBuildFile; fileRef = 50B03FE12B4733B400A65EFC /* Assets.xcassets */; };
		50B03FE62B4733B400A65EFC /* Preview Assets.xcassets in Resources */ = {isa = PBXBuildFile; fileRef = 50B03FE52B4733B400A65EFC /* Preview Assets.xcassets */; };
		50B03FEE2B4734C200A65EFC /* GesturesPlayground.swift in Sources */ = {isa = PBXBuildFile; fileRef = 50B03FED2B4734C200A65EFC /* GesturesPlayground.swift */; };
		50B03FF02B48369E00A65EFC /* HapticsPlayground.swift in Sources */ = {isa = PBXBuildFile; fileRef = 50B03FEF2B48369E00A65EFC /* HapticsPlayground.swift */; };
		50CFD2E92B48489200A9B7A5 /* HitTestingPlayground.swift in Sources */ = {isa = PBXBuildFile; fileRef = 50CFD2E82B48489200A9B7A5 /* HitTestingPlayground.swift */; };
		50CFD2EB2B48583300A9B7A5 /* TimerPlayground.swift in Sources */ = {isa = PBXBuildFile; fileRef = 50CFD2EA2B48583300A9B7A5 /* TimerPlayground.swift */; };
		50CFD2EF2B485C6100A9B7A5 /* AppBackgroundStatePlayground.swift in Sources */ = {isa = PBXBuildFile; fileRef = 50CFD2EE2B485C6100A9B7A5 /* AppBackgroundStatePlayground.swift */; };
		50CFD2F12B485DA300A9B7A5 /* SupportingAccessibilityPlayground.swift in Sources */ = {isa = PBXBuildFile; fileRef = 50CFD2F02B485DA300A9B7A5 /* SupportingAccessibilityPlayground.swift */; };
		50CFD2F62B487F3C00A9B7A5 /* CardView.swift in Sources */ = {isa = PBXBuildFile; fileRef = 50CFD2F52B487F3C00A9B7A5 /* CardView.swift */; };
		50CFD2FA2B487F6800A9B7A5 /* Card.swift in Sources */ = {isa = PBXBuildFile; fileRef = 50CFD2F92B487F6800A9B7A5 /* Card.swift */; };
		50CFD2FC2B48802C00A9B7A5 /* ContentViewPlayground.swift in Sources */ = {isa = PBXBuildFile; fileRef = 50CFD2FB2B48802C00A9B7A5 /* ContentViewPlayground.swift */; };
		50CFD3002B48829900A9B7A5 /* View+Extension.swift in Sources */ = {isa = PBXBuildFile; fileRef = 50CFD2FF2B48829900A9B7A5 /* View+Extension.swift */; };
/* End PBXBuildFile section */

/* Begin PBXFileReference section */
		50006F3A2B4C4D7000DE718D /* EditCards.swift */ = {isa = PBXFileReference; lastKnownFileType = sourcecode.swift; path = EditCards.swift; sourceTree = "<group>"; };
		50006F3F2B4DA22300DE718D /* FileManager+Extension.swift */ = {isa = PBXFileReference; lastKnownFileType = sourcecode.swift; path = "FileManager+Extension.swift"; sourceTree = "<group>"; };
		50B03FDA2B4733B200A65EFC /* Flashzilla.app */ = {isa = PBXFileReference; explicitFileType = wrapper.application; includeInIndex = 0; path = Flashzilla.app; sourceTree = BUILT_PRODUCTS_DIR; };
		50B03FDD2B4733B200A65EFC /* FlashzillaApp.swift */ = {isa = PBXFileReference; lastKnownFileType = sourcecode.swift; path = FlashzillaApp.swift; sourceTree = "<group>"; };
		50B03FDF2B4733B200A65EFC /* ContentView.swift */ = {isa = PBXFileReference; lastKnownFileType = sourcecode.swift; path = ContentView.swift; sourceTree = "<group>"; };
		50B03FE12B4733B400A65EFC /* Assets.xcassets */ = {isa = PBXFileReference; lastKnownFileType = folder.assetcatalog; path = Assets.xcassets; sourceTree = "<group>"; };
		50B03FE32B4733B400A65EFC /* Flashzilla.entitlements */ = {isa = PBXFileReference; lastKnownFileType = text.plist.entitlements; path = Flashzilla.entitlements; sourceTree = "<group>"; };
		50B03FE52B4733B400A65EFC /* Preview Assets.xcassets */ = {isa = PBXFileReference; lastKnownFileType = folder.assetcatalog; path = "Preview Assets.xcassets"; sourceTree = "<group>"; };
		50B03FED2B4734C200A65EFC /* GesturesPlayground.swift */ = {isa = PBXFileReference; lastKnownFileType = sourcecode.swift; path = GesturesPlayground.swift; sourceTree = "<group>"; };
		50B03FEF2B48369E00A65EFC /* HapticsPlayground.swift */ = {isa = PBXFileReference; lastKnownFileType = sourcecode.swift; path = HapticsPlayground.swift; sourceTree = "<group>"; };
		50CFD2E82B48489200A9B7A5 /* HitTestingPlayground.swift */ = {isa = PBXFileReference; lastKnownFileType = sourcecode.swift; path = HitTestingPlayground.swift; sourceTree = "<group>"; };
		50CFD2EA2B48583300A9B7A5 /* TimerPlayground.swift */ = {isa = PBXFileReference; lastKnownFileType = sourcecode.swift; path = TimerPlayground.swift; sourceTree = "<group>"; };
		50CFD2EE2B485C6100A9B7A5 /* AppBackgroundStatePlayground.swift */ = {isa = PBXFileReference; lastKnownFileType = sourcecode.swift; path = AppBackgroundStatePlayground.swift; sourceTree = "<group>"; };
		50CFD2F02B485DA300A9B7A5 /* SupportingAccessibilityPlayground.swift */ = {isa = PBXFileReference; lastKnownFileType = sourcecode.swift; path = SupportingAccessibilityPlayground.swift; sourceTree = "<group>"; };
		50CFD2F52B487F3C00A9B7A5 /* CardView.swift */ = {isa = PBXFileReference; lastKnownFileType = sourcecode.swift; path = CardView.swift; sourceTree = "<group>"; };
		50CFD2F92B487F6800A9B7A5 /* Card.swift */ = {isa = PBXFileReference; lastKnownFileType = sourcecode.swift; path = Card.swift; sourceTree = "<group>"; };
		50CFD2FB2B48802C00A9B7A5 /* ContentViewPlayground.swift */ = {isa = PBXFileReference; lastKnownFileType = sourcecode.swift; path = ContentViewPlayground.swift; sourceTree = "<group>"; };
		50CFD2FF2B48829900A9B7A5 /* View+Extension.swift */ = {isa = PBXFileReference; lastKnownFileType = sourcecode.swift; path = "View+Extension.swift"; sourceTree = "<group>"; };
/* End PBXFileReference section */

/* Begin PBXFrameworksBuildPhase section */
		50B03FD72B4733B200A65EFC /* Frameworks */ = {
			isa = PBXFrameworksBuildPhase;
			buildActionMask = 2147483647;
			files = (
			);
			runOnlyForDeploymentPostprocessing = 0;
		};
/* End PBXFrameworksBuildPhase section */

/* Begin PBXGroup section */
		50006F3E2B4C7BD300DE718D /* EditCards */ = {
			isa = PBXGroup;
			children = (
				50006F3A2B4C4D7000DE718D /* EditCards.swift */,
			);
			path = EditCards;
			sourceTree = "<group>";
		};
		50B03FD12B4733B200A65EFC = {
			isa = PBXGroup;
			children = (
				50B03FDC2B4733B200A65EFC /* Flashzilla */,
				50B03FDB2B4733B200A65EFC /* Products */,
			);
			sourceTree = "<group>";
		};
		50B03FDB2B4733B200A65EFC /* Products */ = {
			isa = PBXGroup;
			children = (
				50B03FDA2B4733B200A65EFC /* Flashzilla.app */,
			);
			name = Products;
			sourceTree = "<group>";
		};
		50B03FDC2B4733B200A65EFC /* Flashzilla */ = {
			isa = PBXGroup;
			children = (
				50CFD2FE2B48828B00A9B7A5 /* Extensions */,
				50CFD2F82B487F5D00A9B7A5 /* Models */,
				50CFD2F22B487F1000A9B7A5 /* Views */,
				50B03FEC2B47349400A65EFC /* Playground */,
				50B03FDD2B4733B200A65EFC /* FlashzillaApp.swift */,
				50B03FDF2B4733B200A65EFC /* ContentView.swift */,
				50B03FE12B4733B400A65EFC /* Assets.xcassets */,
				50B03FE32B4733B400A65EFC /* Flashzilla.entitlements */,
				50B03FE42B4733B400A65EFC /* Preview Content */,
			);
			path = Flashzilla;
			sourceTree = "<group>";
		};
		50B03FE42B4733B400A65EFC /* Preview Content */ = {
			isa = PBXGroup;
			children = (
				50B03FE52B4733B400A65EFC /* Preview Assets.xcassets */,
			);
			path = "Preview Content";
			sourceTree = "<group>";
		};
		50B03FEC2B47349400A65EFC /* Playground */ = {
			isa = PBXGroup;
			children = (
				50B03FED2B4734C200A65EFC /* GesturesPlayground.swift */,
				50B03FEF2B48369E00A65EFC /* HapticsPlayground.swift */,
				50CFD2E82B48489200A9B7A5 /* HitTestingPlayground.swift */,
				50CFD2EA2B48583300A9B7A5 /* TimerPlayground.swift */,
				50CFD2EE2B485C6100A9B7A5 /* AppBackgroundStatePlayground.swift */,
				50CFD2F02B485DA300A9B7A5 /* SupportingAccessibilityPlayground.swift */,
				50CFD2FB2B48802C00A9B7A5 /* ContentViewPlayground.swift */,
			);
			path = Playground;
			sourceTree = "<group>";
		};
		50CFD2F22B487F1000A9B7A5 /* Views */ = {
			isa = PBXGroup;
			children = (
				50CFD2F32B487F1500A9B7A5 /* Components */,
				50CFD2F42B487F1A00A9B7A5 /* Screens */,
			);
			path = Views;
			sourceTree = "<group>";
		};
		50CFD2F32B487F1500A9B7A5 /* Components */ = {
			isa = PBXGroup;
			children = (
				50CFD2FD2B48823100A9B7A5 /* CardView */,
			);
			path = Components;
			sourceTree = "<group>";
		};
		50CFD2F42B487F1A00A9B7A5 /* Screens */ = {
			isa = PBXGroup;
			children = (
				50006F3E2B4C7BD300DE718D /* EditCards */,
			);
			path = Screens;
			sourceTree = "<group>";
		};
		50CFD2F82B487F5D00A9B7A5 /* Models */ = {
			isa = PBXGroup;
			children = (
				50CFD2F92B487F6800A9B7A5 /* Card.swift */,
			);
			path = Models;
			sourceTree = "<group>";
		};
		50CFD2FD2B48823100A9B7A5 /* CardView */ = {
			isa = PBXGroup;
			children = (
				50CFD2F52B487F3C00A9B7A5 /* CardView.swift */,
			);
			path = CardView;
			sourceTree = "<group>";
		};
		50CFD2FE2B48828B00A9B7A5 /* Extensions */ = {
			isa = PBXGroup;
			children = (
				50CFD2FF2B48829900A9B7A5 /* View+Extension.swift */,
				50006F3F2B4DA22300DE718D /* FileManager+Extension.swift */,
			);
			path = Extensions;
			sourceTree = "<group>";
		};
/* End PBXGroup section */

/* Begin PBXNativeTarget section */
		50B03FD92B4733B200A65EFC /* Flashzilla */ = {
			isa = PBXNativeTarget;
			buildConfigurationList = 50B03FE92B4733B400A65EFC /* Build configuration list for PBXNativeTarget "Flashzilla" */;
			buildPhases = (
				50B03FD62B4733B200A65EFC /* Sources */,
				50B03FD72B4733B200A65EFC /* Frameworks */,
				50B03FD82B4733B200A65EFC /* Resources */,
			);
			buildRules = (
			);
			dependencies = (
			);
			name = Flashzilla;
			productName = Flashzilla;
			productReference = 50B03FDA2B4733B200A65EFC /* Flashzilla.app */;
			productType = "com.apple.product-type.application";
		};
/* End PBXNativeTarget section */

/* Begin PBXProject section */
		50B03FD22B4733B200A65EFC /* Project object */ = {
			isa = PBXProject;
			attributes = {
				BuildIndependentTargetsInParallel = 1;
				LastSwiftUpdateCheck = 1510;
				LastUpgradeCheck = 1510;
				TargetAttributes = {
					50B03FD92B4733B200A65EFC = {
						CreatedOnToolsVersion = 15.1;
					};
				};
			};
			buildConfigurationList = 50B03FD52B4733B200A65EFC /* Build configuration list for PBXProject "Flashzilla" */;
			compatibilityVersion = "Xcode 14.0";
			developmentRegion = en;
			hasScannedForEncodings = 0;
			knownRegions = (
				en,
				Base,
			);
			mainGroup = 50B03FD12B4733B200A65EFC;
			productRefGroup = 50B03FDB2B4733B200A65EFC /* Products */;
			projectDirPath = "";
			projectRoot = "";
			targets = (
				50B03FD92B4733B200A65EFC /* Flashzilla */,
			);
		};
/* End PBXProject section */

/* Begin PBXResourcesBuildPhase section */
		50B03FD82B4733B200A65EFC /* Resources */ = {
			isa = PBXResourcesBuildPhase;
			buildActionMask = 2147483647;
			files = (
				50B03FE62B4733B400A65EFC /* Preview Assets.xcassets in Resources */,
				50B03FE22B4733B400A65EFC /* Assets.xcassets in Resources */,
			);
			runOnlyForDeploymentPostprocessing = 0;
		};
/* End PBXResourcesBuildPhase section */

/* Begin PBXSourcesBuildPhase section */
		50B03FD62B4733B200A65EFC /* Sources */ = {
			isa = PBXSourcesBuildPhase;
			buildActionMask = 2147483647;
			files = (
				50CFD2EB2B48583300A9B7A5 /* TimerPlayground.swift in Sources */,
				50CFD2F62B487F3C00A9B7A5 /* CardView.swift in Sources */,
				50B03FEE2B4734C200A65EFC /* GesturesPlayground.swift in Sources */,
				50006F3B2B4C4D7000DE718D /* EditCards.swift in Sources */,
				50CFD2F12B485DA300A9B7A5 /* SupportingAccessibilityPlayground.swift in Sources */,
				50006F402B4DA22300DE718D /* FileManager+Extension.swift in Sources */,
				50CFD2E92B48489200A9B7A5 /* HitTestingPlayground.swift in Sources */,
				50CFD2FC2B48802C00A9B7A5 /* ContentViewPlayground.swift in Sources */,
				50CFD2EF2B485C6100A9B7A5 /* AppBackgroundStatePlayground.swift in Sources */,
				50B03FE02B4733B200A65EFC /* ContentView.swift in Sources */,
				50CFD2FA2B487F6800A9B7A5 /* Card.swift in Sources */,
				50B03FDE2B4733B200A65EFC /* FlashzillaApp.swift in Sources */,
				50CFD3002B48829900A9B7A5 /* View+Extension.swift in Sources */,
				50B03FF02B48369E00A65EFC /* HapticsPlayground.swift in Sources */,
			);
			runOnlyForDeploymentPostprocessing = 0;
		};
/* End PBXSourcesBuildPhase section */

/* Begin XCBuildConfiguration section */
		50B03FE72B4733B400A65EFC /* Debug */ = {
			isa = XCBuildConfiguration;
			buildSettings = {
				ALWAYS_SEARCH_USER_PATHS = NO;
				ASSETCATALOG_COMPILER_GENERATE_SWIFT_ASSET_SYMBOL_EXTENSIONS = YES;
				CLANG_ANALYZER_NONNULL = YES;
				CLANG_ANALYZER_NUMBER_OBJECT_CONVERSION = YES_AGGRESSIVE;
				CLANG_CXX_LANGUAGE_STANDARD = "gnu++20";
				CLANG_ENABLE_MODULES = YES;
				CLANG_ENABLE_OBJC_ARC = YES;
				CLANG_ENABLE_OBJC_WEAK = YES;
				CLANG_WARN_BLOCK_CAPTURE_AUTORELEASING = YES;
				CLANG_WARN_BOOL_CONVERSION = YES;
				CLANG_WARN_COMMA = YES;
				CLANG_WARN_CONSTANT_CONVERSION = YES;
				CLANG_WARN_DEPRECATED_OBJC_IMPLEMENTATIONS = YES;
				CLANG_WARN_DIRECT_OBJC_ISA_USAGE = YES_ERROR;
				CLANG_WARN_DOCUMENTATION_COMMENTS = YES;
				CLANG_WARN_EMPTY_BODY = YES;
				CLANG_WARN_ENUM_CONVERSION = YES;
				CLANG_WARN_INFINITE_RECURSION = YES;
				CLANG_WARN_INT_CONVERSION = YES;
				CLANG_WARN_NON_LITERAL_NULL_CONVERSION = YES;
				CLANG_WARN_OBJC_IMPLICIT_RETAIN_SELF = YES;
				CLANG_WARN_OBJC_LITERAL_CONVERSION = YES;
				CLANG_WARN_OBJC_ROOT_CLASS = YES_ERROR;
				CLANG_WARN_QUOTED_INCLUDE_IN_FRAMEWORK_HEADER = YES;
				CLANG_WARN_RANGE_LOOP_ANALYSIS = YES;
				CLANG_WARN_STRICT_PROTOTYPES = YES;
				CLANG_WARN_SUSPICIOUS_MOVE = YES;
				CLANG_WARN_UNGUARDED_AVAILABILITY = YES_AGGRESSIVE;
				CLANG_WARN_UNREACHABLE_CODE = YES;
				CLANG_WARN__DUPLICATE_METHOD_MATCH = YES;
				COPY_PHASE_STRIP = NO;
				DEBUG_INFORMATION_FORMAT = dwarf;
				ENABLE_STRICT_OBJC_MSGSEND = YES;
				ENABLE_TESTABILITY = YES;
				ENABLE_USER_SCRIPT_SANDBOXING = YES;
				GCC_C_LANGUAGE_STANDARD = gnu17;
				GCC_DYNAMIC_NO_PIC = NO;
				GCC_NO_COMMON_BLOCKS = YES;
				GCC_OPTIMIZATION_LEVEL = 0;
				GCC_PREPROCESSOR_DEFINITIONS = (
					"DEBUG=1",
					"$(inherited)",
				);
				GCC_WARN_64_TO_32_BIT_CONVERSION = YES;
				GCC_WARN_ABOUT_RETURN_TYPE = YES_ERROR;
				GCC_WARN_UNDECLARED_SELECTOR = YES;
				GCC_WARN_UNINITIALIZED_AUTOS = YES_AGGRESSIVE;
				GCC_WARN_UNUSED_FUNCTION = YES;
				GCC_WARN_UNUSED_VARIABLE = YES;
				LOCALIZATION_PREFERS_STRING_CATALOGS = YES;
				MTL_ENABLE_DEBUG_INFO = INCLUDE_SOURCE;
				MTL_FAST_MATH = YES;
				ONLY_ACTIVE_ARCH = YES;
				SWIFT_ACTIVE_COMPILATION_CONDITIONS = "DEBUG $(inherited)";
				SWIFT_OPTIMIZATION_LEVEL = "-Onone";
			};
			name = Debug;
		};
		50B03FE82B4733B400A65EFC /* Release */ = {
			isa = XCBuildConfiguration;
			buildSettings = {
				ALWAYS_SEARCH_USER_PATHS = NO;
				ASSETCATALOG_COMPILER_GENERATE_SWIFT_ASSET_SYMBOL_EXTENSIONS = YES;
				CLANG_ANALYZER_NONNULL = YES;
				CLANG_ANALYZER_NUMBER_OBJECT_CONVERSION = YES_AGGRESSIVE;
				CLANG_CXX_LANGUAGE_STANDARD = "gnu++20";
				CLANG_ENABLE_MODULES = YES;
				CLANG_ENABLE_OBJC_ARC = YES;
				CLANG_ENABLE_OBJC_WEAK = YES;
				CLANG_WARN_BLOCK_CAPTURE_AUTORELEASING = YES;
				CLANG_WARN_BOOL_CONVERSION = YES;
				CLANG_WARN_COMMA = YES;
				CLANG_WARN_CONSTANT_CONVERSION = YES;
				CLANG_WARN_DEPRECATED_OBJC_IMPLEMENTATIONS = YES;
				CLANG_WARN_DIRECT_OBJC_ISA_USAGE = YES_ERROR;
				CLANG_WARN_DOCUMENTATION_COMMENTS = YES;
				CLANG_WARN_EMPTY_BODY = YES;
				CLANG_WARN_ENUM_CONVERSION = YES;
				CLANG_WARN_INFINITE_RECURSION = YES;
				CLANG_WARN_INT_CONVERSION = YES;
				CLANG_WARN_NON_LITERAL_NULL_CONVERSION = YES;
				CLANG_WARN_OBJC_IMPLICIT_RETAIN_SELF = YES;
				CLANG_WARN_OBJC_LITERAL_CONVERSION = YES;
				CLANG_WARN_OBJC_ROOT_CLASS = YES_ERROR;
				CLANG_WARN_QUOTED_INCLUDE_IN_FRAMEWORK_HEADER = YES;
				CLANG_WARN_RANGE_LOOP_ANALYSIS = YES;
				CLANG_WARN_STRICT_PROTOTYPES = YES;
				CLANG_WARN_SUSPICIOUS_MOVE = YES;
				CLANG_WARN_UNGUARDED_AVAILABILITY = YES_AGGRESSIVE;
				CLANG_WARN_UNREACHABLE_CODE = YES;
				CLANG_WARN__DUPLICATE_METHOD_MATCH = YES;
				COPY_PHASE_STRIP = NO;
				DEBUG_INFORMATION_FORMAT = "dwarf-with-dsym";
				ENABLE_NS_ASSERTIONS = NO;
				ENABLE_STRICT_OBJC_MSGSEND = YES;
				ENABLE_USER_SCRIPT_SANDBOXING = YES;
				GCC_C_LANGUAGE_STANDARD = gnu17;
				GCC_NO_COMMON_BLOCKS = YES;
				GCC_WARN_64_TO_32_BIT_CONVERSION = YES;
				GCC_WARN_ABOUT_RETURN_TYPE = YES_ERROR;
				GCC_WARN_UNDECLARED_SELECTOR = YES;
				GCC_WARN_UNINITIALIZED_AUTOS = YES_AGGRESSIVE;
				GCC_WARN_UNUSED_FUNCTION = YES;
				GCC_WARN_UNUSED_VARIABLE = YES;
				LOCALIZATION_PREFERS_STRING_CATALOGS = YES;
				MTL_ENABLE_DEBUG_INFO = NO;
				MTL_FAST_MATH = YES;
				SWIFT_COMPILATION_MODE = wholemodule;
			};
			name = Release;
		};
		50B03FEA2B4733B400A65EFC /* Debug */ = {
			isa = XCBuildConfiguration;
			buildSettings = {
				ASSETCATALOG_COMPILER_APPICON_NAME = AppIcon;
				ASSETCATALOG_COMPILER_GLOBAL_ACCENT_COLOR_NAME = AccentColor;
				CODE_SIGN_ENTITLEMENTS = Flashzilla/Flashzilla.entitlements;
				CODE_SIGN_STYLE = Automatic;
				CURRENT_PROJECT_VERSION = 1;
				DEVELOPMENT_ASSET_PATHS = "\"Flashzilla/Preview Content\"";
				DEVELOPMENT_TEAM = 62YR6KL763;
				ENABLE_HARDENED_RUNTIME = YES;
				ENABLE_PREVIEWS = YES;
				GENERATE_INFOPLIST_FILE = YES;
				"INFOPLIST_KEY_UIApplicationSceneManifest_Generation[sdk=iphoneos*]" = YES;
				"INFOPLIST_KEY_UIApplicationSceneManifest_Generation[sdk=iphonesimulator*]" = YES;
				"INFOPLIST_KEY_UIApplicationSupportsIndirectInputEvents[sdk=iphoneos*]" = YES;
				"INFOPLIST_KEY_UIApplicationSupportsIndirectInputEvents[sdk=iphonesimulator*]" = YES;
				"INFOPLIST_KEY_UILaunchScreen_Generation[sdk=iphoneos*]" = YES;
				"INFOPLIST_KEY_UILaunchScreen_Generation[sdk=iphonesimulator*]" = YES;
				"INFOPLIST_KEY_UIStatusBarStyle[sdk=iphoneos*]" = UIStatusBarStyleDefault;
				"INFOPLIST_KEY_UIStatusBarStyle[sdk=iphonesimulator*]" = UIStatusBarStyleDefault;
				INFOPLIST_KEY_UISupportedInterfaceOrientations_iPad = "UIInterfaceOrientationPortrait UIInterfaceOrientationPortraitUpsideDown UIInterfaceOrientationLandscapeLeft UIInterfaceOrientationLandscapeRight";
				INFOPLIST_KEY_UISupportedInterfaceOrientations_iPhone = "UIInterfaceOrientationLandscapeLeft UIInterfaceOrientationLandscapeRight";
				IPHONEOS_DEPLOYMENT_TARGET = 16.5;
				LD_RUNPATH_SEARCH_PATHS = "@executable_path/Frameworks";
				"LD_RUNPATH_SEARCH_PATHS[sdk=macosx*]" = "@executable_path/../Frameworks";
				MACOSX_DEPLOYMENT_TARGET = 14.2;
				MARKETING_VERSION = 1.0;
				PRODUCT_BUNDLE_IDENTIFIER = me.grillo.mauro.Flashzilla;
				PRODUCT_NAME = "$(TARGET_NAME)";
				SDKROOT = auto;
				SUPPORTED_PLATFORMS = "iphoneos iphonesimulator";
				SUPPORTS_MACCATALYST = NO;
				SWIFT_EMIT_LOC_STRINGS = YES;
				SWIFT_VERSION = 5.0;
				TARGETED_DEVICE_FAMILY = "1,2";
			};
			name = Debug;
		};
		50B03FEB2B4733B400A65EFC /* Release */ = {
			isa = XCBuildConfiguration;
			buildSettings = {
				ASSETCATALOG_COMPILER_APPICON_NAME = AppIcon;
				ASSETCATALOG_COMPILER_GLOBAL_ACCENT_COLOR_NAME = AccentColor;
				CODE_SIGN_ENTITLEMENTS = Flashzilla/Flashzilla.entitlements;
				CODE_SIGN_STYLE = Automatic;
				CURRENT_PROJECT_VERSION = 1;
				DEVELOPMENT_ASSET_PATHS = "\"Flashzilla/Preview Content\"";
				DEVELOPMENT_TEAM = 62YR6KL763;
				ENABLE_HARDENED_RUNTIME = YES;
				ENABLE_PREVIEWS = YES;
				GENERATE_INFOPLIST_FILE = YES;
				"INFOPLIST_KEY_UIApplicationSceneManifest_Generation[sdk=iphoneos*]" = YES;
				"INFOPLIST_KEY_UIApplicationSceneManifest_Generation[sdk=iphonesimulator*]" = YES;
				"INFOPLIST_KEY_UIApplicationSupportsIndirectInputEvents[sdk=iphoneos*]" = YES;
				"INFOPLIST_KEY_UIApplicationSupportsIndirectInputEvents[sdk=iphonesimulator*]" = YES;
				"INFOPLIST_KEY_UILaunchScreen_Generation[sdk=iphoneos*]" = YES;
				"INFOPLIST_KEY_UILaunchScreen_Generation[sdk=iphonesimulator*]" = YES;
				"INFOPLIST_KEY_UIStatusBarStyle[sdk=iphoneos*]" = UIStatusBarStyleDefault;
				"INFOPLIST_KEY_UIStatusBarStyle[sdk=iphonesimulator*]" = UIStatusBarStyleDefault;
				INFOPLIST_KEY_UISupportedInterfaceOrientations_iPad = "UIInterfaceOrientationPortrait UIInterfaceOrientationPortraitUpsideDown UIInterfaceOrientationLandscapeLeft UIInterfaceOrientationLandscapeRight";
				INFOPLIST_KEY_UISupportedInterfaceOrientations_iPhone = "UIInterfaceOrientationLandscapeLeft UIInterfaceOrientationLandscapeRight";
				IPHONEOS_DEPLOYMENT_TARGET = 16.5;
				LD_RUNPATH_SEARCH_PATHS = "@executable_path/Frameworks";
				"LD_RUNPATH_SEARCH_PATHS[sdk=macosx*]" = "@executable_path/../Frameworks";
				MACOSX_DEPLOYMENT_TARGET = 14.2;
				MARKETING_VERSION = 1.0;
				PRODUCT_BUNDLE_IDENTIFIER = me.grillo.mauro.Flashzilla;
				PRODUCT_NAME = "$(TARGET_NAME)";
				SDKROOT = auto;
				SUPPORTED_PLATFORMS = "iphoneos iphonesimulator";
				SUPPORTS_MACCATALYST = NO;
				SWIFT_EMIT_LOC_STRINGS = YES;
				SWIFT_VERSION = 5.0;
				TARGETED_DEVICE_FAMILY = "1,2";
			};
			name = Release;
		};
/* End XCBuildConfiguration section */

/* Begin XCConfigurationList section */
		50B03FD52B4733B200A65EFC /* Build configuration list for PBXProject "Flashzilla" */ = {
			isa = XCConfigurationList;
			buildConfigurations = (
				50B03FE72B4733B400A65EFC /* Debug */,
				50B03FE82B4733B400A65EFC /* Release */,
			);
			defaultConfigurationIsVisible = 0;
			defaultConfigurationName = Release;
		};
		50B03FE92B4733B400A65EFC /* Build configuration list for PBXNativeTarget "Flashzilla" */ = {
			isa = XCConfigurationList;
			buildConfigurations = (
				50B03FEA2B4733B400A65EFC /* Debug */,
				50B03FEB2B4733B400A65EFC /* Release */,
			);
			defaultConfigurationIsVisible = 0;
			defaultConfigurationName = Release;
		};
/* End XCConfigurationList section */
	};
	rootObject = 50B03FD22B4733B200A65EFC /* Project object */;
}
