// !$*UTF8*$!
{
	archiveVersion = 1;
	classes = {
	};
	objectVersion = 56;
	objects = {

/* Begin PBXBuildFile section */
		50115F472A74069B0086220E /* InstafilterApp.swift in Sources */ = {isa = PBXBuildFile; fileRef = 50115F462A74069B0086220E /* InstafilterApp.swift */; };
		50115F492A74069B0086220E /* ContentView.swift in Sources */ = {isa = PBXBuildFile; fileRef = 50115F482A74069B0086220E /* ContentView.swift */; };
		50115F4B2A74069C0086220E /* Assets.xcassets in Resources */ = {isa = PBXBuildFile; fileRef = 50115F4A2A74069C0086220E /* Assets.xcassets */; };
		50115F4F2A74069C0086220E /* Preview Assets.xcassets in Resources */ = {isa = PBXBuildFile; fileRef = 50115F4E2A74069C0086220E /* Preview Assets.xcassets */; };
		503FC62A2BAC89A900FD4DA4 /* ConfirmationDialogPlaygroundView.swift in Sources */ = {isa = PBXBuildFile; fileRef = 503FC6202BAC89A900FD4DA4 /* ConfirmationDialogPlaygroundView.swift */; };
		503FC62B2BAC89A900FD4DA4 /* ContentPlaygroundView.swift in Sources */ = {isa = PBXBuildFile; fileRef = 503FC6212BAC89A900FD4DA4 /* ContentPlaygroundView.swift */; };
		503FC62C2BAC89A900FD4DA4 /* ContentUnavailablePlayground.swift in Sources */ = {isa = PBXBuildFile; fileRef = 503FC6222BAC89A900FD4DA4 /* ContentUnavailablePlayground.swift */; };
		503FC62D2BAC89A900FD4DA4 /* CoreImagePlayground.swift in Sources */ = {isa = PBXBuildFile; fileRef = 503FC6232BAC89A900FD4DA4 /* CoreImagePlayground.swift */; };
		503FC62E2BAC89A900FD4DA4 /* ImagePickerPlaygroundView.swift in Sources */ = {isa = PBXBuildFile; fileRef = 503FC6242BAC89A900FD4DA4 /* ImagePickerPlaygroundView.swift */; };
		503FC62F2BAC89A900FD4DA4 /* PhotosPickerPlayground.swift in Sources */ = {isa = PBXBuildFile; fileRef = 503FC6252BAC89A900FD4DA4 /* PhotosPickerPlayground.swift */; };
		503FC6302BAC89A900FD4DA4 /* PropertyWrappersStructs.swift in Sources */ = {isa = PBXBuildFile; fileRef = 503FC6262BAC89A900FD4DA4 /* PropertyWrappersStructs.swift */; };
		503FC6312BAC89A900FD4DA4 /* RequestAppStoreReview.swift in Sources */ = {isa = PBXBuildFile; fileRef = 503FC6272BAC89A900FD4DA4 /* RequestAppStoreReview.swift */; };
		503FC6322BAC89A900FD4DA4 /* ShareLinkPlayground.swift in Sources */ = {isa = PBXBuildFile; fileRef = 503FC6282BAC89A900FD4DA4 /* ShareLinkPlayground.swift */; };
		503FC6522BAC8D4D00FD4DA4 /* ImagePicker.swift in Sources */ = {isa = PBXBuildFile; fileRef = 503FC6512BAC8D4D00FD4DA4 /* ImagePicker.swift */; };
		503FC6542BAC8D5700FD4DA4 /* ImageSaver.swift in Sources */ = {isa = PBXBuildFile; fileRef = 503FC6532BAC8D5700FD4DA4 /* ImageSaver.swift */; };
		503FC65D2BAC8E9100FD4DA4 /* ImagePicker.swift in Sources */ = {isa = PBXBuildFile; fileRef = 503FC6512BAC8D4D00FD4DA4 /* ImagePicker.swift */; };
		503FC65E2BAC8E9100FD4DA4 /* ImageSaver.swift in Sources */ = {isa = PBXBuildFile; fileRef = 503FC6532BAC8D5700FD4DA4 /* ImageSaver.swift */; };
		503FC65F2BAC90F400FD4DA4 /* ImagePicker.swift in Sources */ = {isa = PBXBuildFile; fileRef = 503FC6512BAC8D4D00FD4DA4 /* ImagePicker.swift */; };
		503FC6602BAC90F400FD4DA4 /* ImageSaver.swift in Sources */ = {isa = PBXBuildFile; fileRef = 503FC6532BAC8D5700FD4DA4 /* ImageSaver.swift */; };
		503FC6612BAC910A00FD4DA4 /* ImagePicker.swift in Sources */ = {isa = PBXBuildFile; fileRef = 503FC6512BAC8D4D00FD4DA4 /* ImagePicker.swift */; };
		503FC6622BAC910A00FD4DA4 /* ImageSaver.swift in Sources */ = {isa = PBXBuildFile; fileRef = 503FC6532BAC8D5700FD4DA4 /* ImageSaver.swift */; };
		509884282BAC893800657D3B /* InstafilterPlaygroundApp.swift in Sources */ = {isa = PBXBuildFile; fileRef = 509884272BAC893800657D3B /* InstafilterPlaygroundApp.swift */; };
		5098842A2BAC893800657D3B /* ContentView.swift in Sources */ = {isa = PBXBuildFile; fileRef = 509884292BAC893800657D3B /* ContentView.swift */; };
		5098842C2BAC893A00657D3B /* Assets.xcassets in Resources */ = {isa = PBXBuildFile; fileRef = 5098842B2BAC893A00657D3B /* Assets.xcassets */; };
		5098842F2BAC893A00657D3B /* Preview Assets.xcassets in Resources */ = {isa = PBXBuildFile; fileRef = 5098842E2BAC893A00657D3B /* Preview Assets.xcassets */; };
		5098843A2BAC894400657D3B /* InstafilterLegacyApp.swift in Sources */ = {isa = PBXBuildFile; fileRef = 509884392BAC894400657D3B /* InstafilterLegacyApp.swift */; };
		5098843C2BAC894400657D3B /* ContentView.swift in Sources */ = {isa = PBXBuildFile; fileRef = 5098843B2BAC894400657D3B /* ContentView.swift */; };
		5098843E2BAC894500657D3B /* Assets.xcassets in Resources */ = {isa = PBXBuildFile; fileRef = 5098843D2BAC894500657D3B /* Assets.xcassets */; };
		509884412BAC894500657D3B /* Preview Assets.xcassets in Resources */ = {isa = PBXBuildFile; fileRef = 509884402BAC894500657D3B /* Preview Assets.xcassets */; };
/* End PBXBuildFile section */

/* Begin PBXContainerItemProxy section */
		503FC6572BAC8DF300FD4DA4 /* PBXContainerItemProxy */ = {
			isa = PBXContainerItemProxy;
			containerPortal = 50115F3B2A74069B0086220E /* Project object */;
			proxyType = 1;
			remoteGlobalIDString = 503FC6492BAC8D2F00FD4DA4;
			remoteInfo = InstafilterUtils;
		};
/* End PBXContainerItemProxy section */

/* Begin PBXCopyFilesBuildPhase section */
		503FC6482BAC8D2F00FD4DA4 /* CopyFiles */ = {
			isa = PBXCopyFilesBuildPhase;
			buildActionMask = 2147483647;
			dstPath = "include/$(PRODUCT_NAME)";
			dstSubfolderSpec = 16;
			files = (
			);
			runOnlyForDeploymentPostprocessing = 0;
		};
/* End PBXCopyFilesBuildPhase section */

/* Begin PBXFileReference section */
		50115F432A74069B0086220E /* Instafilter.app */ = {isa = PBXFileReference; explicitFileType = wrapper.application; includeInIndex = 0; path = Instafilter.app; sourceTree = BUILT_PRODUCTS_DIR; };
		50115F462A74069B0086220E /* InstafilterApp.swift */ = {isa = PBXFileReference; lastKnownFileType = sourcecode.swift; path = InstafilterApp.swift; sourceTree = "<group>"; };
		50115F482A74069B0086220E /* ContentView.swift */ = {isa = PBXFileReference; lastKnownFileType = sourcecode.swift; path = ContentView.swift; sourceTree = "<group>"; };
		50115F4A2A74069C0086220E /* Assets.xcassets */ = {isa = PBXFileReference; lastKnownFileType = folder.assetcatalog; path = Assets.xcassets; sourceTree = "<group>"; };
		50115F4C2A74069C0086220E /* Instafilter.entitlements */ = {isa = PBXFileReference; lastKnownFileType = text.plist.entitlements; path = Instafilter.entitlements; sourceTree = "<group>"; };
		50115F4E2A74069C0086220E /* Preview Assets.xcassets */ = {isa = PBXFileReference; lastKnownFileType = folder.assetcatalog; path = "Preview Assets.xcassets"; sourceTree = "<group>"; };
		503FC6202BAC89A900FD4DA4 /* ConfirmationDialogPlaygroundView.swift */ = {isa = PBXFileReference; fileEncoding = 4; lastKnownFileType = sourcecode.swift; path = ConfirmationDialogPlaygroundView.swift; sourceTree = "<group>"; };
		503FC6212BAC89A900FD4DA4 /* ContentPlaygroundView.swift */ = {isa = PBXFileReference; fileEncoding = 4; lastKnownFileType = sourcecode.swift; path = ContentPlaygroundView.swift; sourceTree = "<group>"; };
		503FC6222BAC89A900FD4DA4 /* ContentUnavailablePlayground.swift */ = {isa = PBXFileReference; fileEncoding = 4; lastKnownFileType = sourcecode.swift; path = ContentUnavailablePlayground.swift; sourceTree = "<group>"; };
		503FC6232BAC89A900FD4DA4 /* CoreImagePlayground.swift */ = {isa = PBXFileReference; fileEncoding = 4; lastKnownFileType = sourcecode.swift; path = CoreImagePlayground.swift; sourceTree = "<group>"; };
		503FC6242BAC89A900FD4DA4 /* ImagePickerPlaygroundView.swift */ = {isa = PBXFileReference; fileEncoding = 4; lastKnownFileType = sourcecode.swift; path = ImagePickerPlaygroundView.swift; sourceTree = "<group>"; };
		503FC6252BAC89A900FD4DA4 /* PhotosPickerPlayground.swift */ = {isa = PBXFileReference; fileEncoding = 4; lastKnownFileType = sourcecode.swift; path = PhotosPickerPlayground.swift; sourceTree = "<group>"; };
		503FC6262BAC89A900FD4DA4 /* PropertyWrappersStructs.swift */ = {isa = PBXFileReference; fileEncoding = 4; lastKnownFileType = sourcecode.swift; path = PropertyWrappersStructs.swift; sourceTree = "<group>"; };
		503FC6272BAC89A900FD4DA4 /* RequestAppStoreReview.swift */ = {isa = PBXFileReference; fileEncoding = 4; lastKnownFileType = sourcecode.swift; path = RequestAppStoreReview.swift; sourceTree = "<group>"; };
		503FC6282BAC89A900FD4DA4 /* ShareLinkPlayground.swift */ = {isa = PBXFileReference; fileEncoding = 4; lastKnownFileType = sourcecode.swift; path = ShareLinkPlayground.swift; sourceTree = "<group>"; };
		503FC64A2BAC8D2F00FD4DA4 /* libInstafilterUtils.a */ = {isa = PBXFileReference; explicitFileType = archive.ar; includeInIndex = 0; path = libInstafilterUtils.a; sourceTree = BUILT_PRODUCTS_DIR; };
		503FC6512BAC8D4D00FD4DA4 /* ImagePicker.swift */ = {isa = PBXFileReference; lastKnownFileType = sourcecode.swift; path = ImagePicker.swift; sourceTree = "<group>"; };
		503FC6532BAC8D5700FD4DA4 /* ImageSaver.swift */ = {isa = PBXFileReference; lastKnownFileType = sourcecode.swift; path = ImageSaver.swift; sourceTree = "<group>"; };
		503FC6632BAC943400FD4DA4 /* Info.plist */ = {isa = PBXFileReference; lastKnownFileType = text.plist; path = Info.plist; sourceTree = "<group>"; };
		509884252BAC893800657D3B /* InstafilterPlayground.app */ = {isa = PBXFileReference; explicitFileType = wrapper.application; includeInIndex = 0; path = InstafilterPlayground.app; sourceTree = BUILT_PRODUCTS_DIR; };
		509884272BAC893800657D3B /* InstafilterPlaygroundApp.swift */ = {isa = PBXFileReference; lastKnownFileType = sourcecode.swift; path = InstafilterPlaygroundApp.swift; sourceTree = "<group>"; };
		509884292BAC893800657D3B /* ContentView.swift */ = {isa = PBXFileReference; lastKnownFileType = sourcecode.swift; path = ContentView.swift; sourceTree = "<group>"; };
		5098842B2BAC893A00657D3B /* Assets.xcassets */ = {isa = PBXFileReference; lastKnownFileType = folder.assetcatalog; path = Assets.xcassets; sourceTree = "<group>"; };
		5098842E2BAC893A00657D3B /* Preview Assets.xcassets */ = {isa = PBXFileReference; lastKnownFileType = folder.assetcatalog; path = "Preview Assets.xcassets"; sourceTree = "<group>"; };
		509884372BAC894400657D3B /* InstafilterLegacy.app */ = {isa = PBXFileReference; explicitFileType = wrapper.application; includeInIndex = 0; path = InstafilterLegacy.app; sourceTree = BUILT_PRODUCTS_DIR; };
		509884392BAC894400657D3B /* InstafilterLegacyApp.swift */ = {isa = PBXFileReference; lastKnownFileType = sourcecode.swift; path = InstafilterLegacyApp.swift; sourceTree = "<group>"; };
		5098843B2BAC894400657D3B /* ContentView.swift */ = {isa = PBXFileReference; lastKnownFileType = sourcecode.swift; path = ContentView.swift; sourceTree = "<group>"; };
		5098843D2BAC894500657D3B /* Assets.xcassets */ = {isa = PBXFileReference; lastKnownFileType = folder.assetcatalog; path = Assets.xcassets; sourceTree = "<group>"; };
		509884402BAC894500657D3B /* Preview Assets.xcassets */ = {isa = PBXFileReference; lastKnownFileType = folder.assetcatalog; path = "Preview Assets.xcassets"; sourceTree = "<group>"; };
/* End PBXFileReference section */

/* Begin PBXFrameworksBuildPhase section */
		50115F402A74069B0086220E /* Frameworks */ = {
			isa = PBXFrameworksBuildPhase;
			buildActionMask = 2147483647;
			files = (
			);
			runOnlyForDeploymentPostprocessing = 0;
		};
		503FC6472BAC8D2F00FD4DA4 /* Frameworks */ = {
			isa = PBXFrameworksBuildPhase;
			buildActionMask = 2147483647;
			files = (
			);
			runOnlyForDeploymentPostprocessing = 0;
		};
		509884222BAC893800657D3B /* Frameworks */ = {
			isa = PBXFrameworksBuildPhase;
			buildActionMask = 2147483647;
			files = (
			);
			runOnlyForDeploymentPostprocessing = 0;
		};
		509884342BAC894400657D3B /* Frameworks */ = {
			isa = PBXFrameworksBuildPhase;
			buildActionMask = 2147483647;
			files = (
			);
			runOnlyForDeploymentPostprocessing = 0;
		};
/* End PBXFrameworksBuildPhase section */

/* Begin PBXGroup section */
		50115F3A2A74069B0086220E = {
			isa = PBXGroup;
			children = (
				50115F452A74069B0086220E /* Instafilter */,
				509884262BAC893800657D3B /* InstafilterPlayground */,
				509884382BAC894400657D3B /* InstafilterLegacy */,
				503FC64B2BAC8D2F00FD4DA4 /* InstafilterUtils */,
				50115F442A74069B0086220E /* Products */,
			);
			sourceTree = "<group>";
		};
		50115F442A74069B0086220E /* Products */ = {
			isa = PBXGroup;
			children = (
				50115F432A74069B0086220E /* Instafilter.app */,
				509884252BAC893800657D3B /* InstafilterPlayground.app */,
				509884372BAC894400657D3B /* InstafilterLegacy.app */,
				503FC64A2BAC8D2F00FD4DA4 /* libInstafilterUtils.a */,
			);
			name = Products;
			sourceTree = "<group>";
		};
		50115F452A74069B0086220E /* Instafilter */ = {
			isa = PBXGroup;
			children = (
				50115F462A74069B0086220E /* InstafilterApp.swift */,
				50115F482A74069B0086220E /* ContentView.swift */,
				50115F4A2A74069C0086220E /* Assets.xcassets */,
				50115F4C2A74069C0086220E /* Instafilter.entitlements */,
				50115F4D2A74069C0086220E /* Preview Content */,
			);
			path = Instafilter;
			sourceTree = "<group>";
		};
		50115F4D2A74069C0086220E /* Preview Content */ = {
			isa = PBXGroup;
			children = (
				50115F4E2A74069C0086220E /* Preview Assets.xcassets */,
			);
			path = "Preview Content";
			sourceTree = "<group>";
		};
		503FC6292BAC89A900FD4DA4 /* Playground */ = {
			isa = PBXGroup;
			children = (
				503FC6202BAC89A900FD4DA4 /* ConfirmationDialogPlaygroundView.swift */,
				503FC6212BAC89A900FD4DA4 /* ContentPlaygroundView.swift */,
				503FC6222BAC89A900FD4DA4 /* ContentUnavailablePlayground.swift */,
				503FC6232BAC89A900FD4DA4 /* CoreImagePlayground.swift */,
				503FC6242BAC89A900FD4DA4 /* ImagePickerPlaygroundView.swift */,
				503FC6252BAC89A900FD4DA4 /* PhotosPickerPlayground.swift */,
				503FC6262BAC89A900FD4DA4 /* PropertyWrappersStructs.swift */,
				503FC6272BAC89A900FD4DA4 /* RequestAppStoreReview.swift */,
				503FC6282BAC89A900FD4DA4 /* ShareLinkPlayground.swift */,
			);
			path = Playground;
			sourceTree = "<group>";
		};
		503FC64B2BAC8D2F00FD4DA4 /* InstafilterUtils */ = {
			isa = PBXGroup;
			children = (
				503FC6512BAC8D4D00FD4DA4 /* ImagePicker.swift */,
				503FC6532BAC8D5700FD4DA4 /* ImageSaver.swift */,
			);
			path = InstafilterUtils;
			sourceTree = "<group>";
		};
		509884262BAC893800657D3B /* InstafilterPlayground */ = {
			isa = PBXGroup;
			children = (
				503FC6292BAC89A900FD4DA4 /* Playground */,
				509884272BAC893800657D3B /* InstafilterPlaygroundApp.swift */,
				509884292BAC893800657D3B /* ContentView.swift */,
				5098842B2BAC893A00657D3B /* Assets.xcassets */,
				5098842D2BAC893A00657D3B /* Preview Content */,
			);
			path = InstafilterPlayground;
			sourceTree = "<group>";
		};
		5098842D2BAC893A00657D3B /* Preview Content */ = {
			isa = PBXGroup;
			children = (
				5098842E2BAC893A00657D3B /* Preview Assets.xcassets */,
			);
			path = "Preview Content";
			sourceTree = "<group>";
		};
		509884382BAC894400657D3B /* InstafilterLegacy */ = {
			isa = PBXGroup;
			children = (
				503FC6632BAC943400FD4DA4 /* Info.plist */,
				509884392BAC894400657D3B /* InstafilterLegacyApp.swift */,
				5098843B2BAC894400657D3B /* ContentView.swift */,
				5098843D2BAC894500657D3B /* Assets.xcassets */,
				5098843F2BAC894500657D3B /* Preview Content */,
			);
			path = InstafilterLegacy;
			sourceTree = "<group>";
		};
		5098843F2BAC894500657D3B /* Preview Content */ = {
			isa = PBXGroup;
			children = (
				509884402BAC894500657D3B /* Preview Assets.xcassets */,
			);
			path = "Preview Content";
			sourceTree = "<group>";
		};
/* End PBXGroup section */

/* Begin PBXNativeTarget section */
		50115F422A74069B0086220E /* Instafilter */ = {
			isa = PBXNativeTarget;
			buildConfigurationList = 50115F522A74069C0086220E /* Build configuration list for PBXNativeTarget "Instafilter" */;
			buildPhases = (
				50115F3F2A74069B0086220E /* Sources */,
				50115F402A74069B0086220E /* Frameworks */,
				50115F412A74069B0086220E /* Resources */,
			);
			buildRules = (
			);
			dependencies = (
			);
			name = Instafilter;
			productName = Instafilter;
			productReference = 50115F432A74069B0086220E /* Instafilter.app */;
			productType = "com.apple.product-type.application";
		};
		503FC6492BAC8D2F00FD4DA4 /* InstafilterUtils */ = {
			isa = PBXNativeTarget;
			buildConfigurationList = 503FC64E2BAC8D2F00FD4DA4 /* Build configuration list for PBXNativeTarget "InstafilterUtils" */;
			buildPhases = (
				503FC6462BAC8D2F00FD4DA4 /* Sources */,
				503FC6472BAC8D2F00FD4DA4 /* Frameworks */,
				503FC6482BAC8D2F00FD4DA4 /* CopyFiles */,
			);
			buildRules = (
			);
			dependencies = (
			);
			name = InstafilterUtils;
			productName = InstafilterUtils;
			productReference = 503FC64A2BAC8D2F00FD4DA4 /* libInstafilterUtils.a */;
			productType = "com.apple.product-type.library.static";
		};
		509884242BAC893800657D3B /* InstafilterPlayground */ = {
			isa = PBXNativeTarget;
			buildConfigurationList = 509884322BAC893A00657D3B /* Build configuration list for PBXNativeTarget "InstafilterPlayground" */;
			buildPhases = (
				509884212BAC893800657D3B /* Sources */,
				509884222BAC893800657D3B /* Frameworks */,
				509884232BAC893800657D3B /* Resources */,
			);
			buildRules = (
			);
			dependencies = (
				503FC6582BAC8DF300FD4DA4 /* PBXTargetDependency */,
			);
			name = InstafilterPlayground;
			productName = InstafilterPlayground;
			productReference = 509884252BAC893800657D3B /* InstafilterPlayground.app */;
			productType = "com.apple.product-type.application";
		};
		509884362BAC894400657D3B /* InstafilterLegacy */ = {
			isa = PBXNativeTarget;
			buildConfigurationList = 509884422BAC894500657D3B /* Build configuration list for PBXNativeTarget "InstafilterLegacy" */;
			buildPhases = (
				509884332BAC894400657D3B /* Sources */,
				509884342BAC894400657D3B /* Frameworks */,
				509884352BAC894400657D3B /* Resources */,
			);
			buildRules = (
			);
			dependencies = (
			);
			name = InstafilterLegacy;
			productName = InstafilterLegacy;
			productReference = 509884372BAC894400657D3B /* InstafilterLegacy.app */;
			productType = "com.apple.product-type.application";
		};
/* End PBXNativeTarget section */

/* Begin PBXProject section */
		50115F3B2A74069B0086220E /* Project object */ = {
			isa = PBXProject;
			attributes = {
				BuildIndependentTargetsInParallel = 1;
				LastSwiftUpdateCheck = 1530;
				LastUpgradeCheck = 1530;
				TargetAttributes = {
					50115F422A74069B0086220E = {
						CreatedOnToolsVersion = 14.3.1;
					};
					503FC6492BAC8D2F00FD4DA4 = {
						CreatedOnToolsVersion = 15.3;
					};
					509884242BAC893800657D3B = {
						CreatedOnToolsVersion = 15.3;
					};
					509884362BAC894400657D3B = {
						CreatedOnToolsVersion = 15.3;
					};
				};
			};
			buildConfigurationList = 50115F3E2A74069B0086220E /* Build configuration list for PBXProject "Instafilter" */;
			compatibilityVersion = "Xcode 14.0";
			developmentRegion = en;
			hasScannedForEncodings = 0;
			knownRegions = (
				en,
				Base,
			);
			mainGroup = 50115F3A2A74069B0086220E;
			productRefGroup = 50115F442A74069B0086220E /* Products */;
			projectDirPath = "";
			projectRoot = "";
			targets = (
				50115F422A74069B0086220E /* Instafilter */,
				509884242BAC893800657D3B /* InstafilterPlayground */,
				509884362BAC894400657D3B /* InstafilterLegacy */,
				503FC6492BAC8D2F00FD4DA4 /* InstafilterUtils */,
			);
		};
/* End PBXProject section */

/* Begin PBXResourcesBuildPhase section */
		50115F412A74069B0086220E /* Resources */ = {
			isa = PBXResourcesBuildPhase;
			buildActionMask = 2147483647;
			files = (
				50115F4F2A74069C0086220E /* Preview Assets.xcassets in Resources */,
				50115F4B2A74069C0086220E /* Assets.xcassets in Resources */,
			);
			runOnlyForDeploymentPostprocessing = 0;
		};
		509884232BAC893800657D3B /* Resources */ = {
			isa = PBXResourcesBuildPhase;
			buildActionMask = 2147483647;
			files = (
				5098842F2BAC893A00657D3B /* Preview Assets.xcassets in Resources */,
				5098842C2BAC893A00657D3B /* Assets.xcassets in Resources */,
			);
			runOnlyForDeploymentPostprocessing = 0;
		};
		509884352BAC894400657D3B /* Resources */ = {
			isa = PBXResourcesBuildPhase;
			buildActionMask = 2147483647;
			files = (
				509884412BAC894500657D3B /* Preview Assets.xcassets in Resources */,
				5098843E2BAC894500657D3B /* Assets.xcassets in Resources */,
			);
			runOnlyForDeploymentPostprocessing = 0;
		};
/* End PBXResourcesBuildPhase section */

/* Begin PBXSourcesBuildPhase section */
		50115F3F2A74069B0086220E /* Sources */ = {
			isa = PBXSourcesBuildPhase;
			buildActionMask = 2147483647;
			files = (
				503FC65F2BAC90F400FD4DA4 /* ImagePicker.swift in Sources */,
				503FC6602BAC90F400FD4DA4 /* ImageSaver.swift in Sources */,
				50115F492A74069B0086220E /* ContentView.swift in Sources */,
				50115F472A74069B0086220E /* InstafilterApp.swift in Sources */,
			);
			runOnlyForDeploymentPostprocessing = 0;
		};
		503FC6462BAC8D2F00FD4DA4 /* Sources */ = {
			isa = PBXSourcesBuildPhase;
			buildActionMask = 2147483647;
			files = (
				503FC6542BAC8D5700FD4DA4 /* ImageSaver.swift in Sources */,
				503FC6522BAC8D4D00FD4DA4 /* ImagePicker.swift in Sources */,
			);
			runOnlyForDeploymentPostprocessing = 0;
		};
		509884212BAC893800657D3B /* Sources */ = {
			isa = PBXSourcesBuildPhase;
			buildActionMask = 2147483647;
			files = (
				503FC65D2BAC8E9100FD4DA4 /* ImagePicker.swift in Sources */,
				503FC65E2BAC8E9100FD4DA4 /* ImageSaver.swift in Sources */,
				503FC62E2BAC89A900FD4DA4 /* ImagePickerPlaygroundView.swift in Sources */,
				503FC6312BAC89A900FD4DA4 /* RequestAppStoreReview.swift in Sources */,
				5098842A2BAC893800657D3B /* ContentView.swift in Sources */,
				503FC6302BAC89A900FD4DA4 /* PropertyWrappersStructs.swift in Sources */,
				503FC6322BAC89A900FD4DA4 /* ShareLinkPlayground.swift in Sources */,
				503FC62B2BAC89A900FD4DA4 /* ContentPlaygroundView.swift in Sources */,
				503FC62A2BAC89A900FD4DA4 /* ConfirmationDialogPlaygroundView.swift in Sources */,
				503FC62D2BAC89A900FD4DA4 /* CoreImagePlayground.swift in Sources */,
				509884282BAC893800657D3B /* InstafilterPlaygroundApp.swift in Sources */,
				503FC62C2BAC89A900FD4DA4 /* ContentUnavailablePlayground.swift in Sources */,
				503FC62F2BAC89A900FD4DA4 /* PhotosPickerPlayground.swift in Sources */,
			);
			runOnlyForDeploymentPostprocessing = 0;
		};
		509884332BAC894400657D3B /* Sources */ = {
			isa = PBXSourcesBuildPhase;
			buildActionMask = 2147483647;
			files = (
				503FC6612BAC910A00FD4DA4 /* ImagePicker.swift in Sources */,
				503FC6622BAC910A00FD4DA4 /* ImageSaver.swift in Sources */,
				5098843C2BAC894400657D3B /* ContentView.swift in Sources */,
				5098843A2BAC894400657D3B /* InstafilterLegacyApp.swift in Sources */,
			);
			runOnlyForDeploymentPostprocessing = 0;
		};
/* End PBXSourcesBuildPhase section */

/* Begin PBXTargetDependency section */
		503FC6582BAC8DF300FD4DA4 /* PBXTargetDependency */ = {
			isa = PBXTargetDependency;
			target = 503FC6492BAC8D2F00FD4DA4 /* InstafilterUtils */;
			targetProxy = 503FC6572BAC8DF300FD4DA4 /* PBXContainerItemProxy */;
		};
/* End PBXTargetDependency section */

/* Begin XCBuildConfiguration section */
		50115F502A74069C0086220E /* Debug */ = {
			isa = XCBuildConfiguration;
			buildSettings = {
				ALWAYS_SEARCH_USER_PATHS = NO;
				CLANG_ANALYZER_NONNULL = YES;
				CLANG_ANALYZER_NUMBER_OBJECT_CONVERSION = YES_AGGRESSIVE;
				CLANG_CXX_LANGUAGE_STANDARD = "gnu++20";
				CLANG_ENABLE_MODULES = YES;
				CLANG_ENABLE_OBJC_ARC = YES;
				CLANG_ENABLE_OBJC_WEAK = YES;
				CLANG_WARN_BLOCK_CAPTURE_AUTORELEASING = YES;
				CLANG_WARN_BOOL_CONVERSION = YES;
				CLANG_WARN_COMMA = YES;
				CLANG_WARN_CONSTANT_CONVERSION = YES;
				CLANG_WARN_DEPRECATED_OBJC_IMPLEMENTATIONS = YES;
				CLANG_WARN_DIRECT_OBJC_ISA_USAGE = YES_ERROR;
				CLANG_WARN_DOCUMENTATION_COMMENTS = YES;
				CLANG_WARN_EMPTY_BODY = YES;
				CLANG_WARN_ENUM_CONVERSION = YES;
				CLANG_WARN_INFINITE_RECURSION = YES;
				CLANG_WARN_INT_CONVERSION = YES;
				CLANG_WARN_NON_LITERAL_NULL_CONVERSION = YES;
				CLANG_WARN_OBJC_IMPLICIT_RETAIN_SELF = YES;
				CLANG_WARN_OBJC_LITERAL_CONVERSION = YES;
				CLANG_WARN_OBJC_ROOT_CLASS = YES_ERROR;
				CLANG_WARN_QUOTED_INCLUDE_IN_FRAMEWORK_HEADER = YES;
				CLANG_WARN_RANGE_LOOP_ANALYSIS = YES;
				CLANG_WARN_STRICT_PROTOTYPES = YES;
				CLANG_WARN_SUSPICIOUS_MOVE = YES;
				CLANG_WARN_UNGUARDED_AVAILABILITY = YES_AGGRESSIVE;
				CLANG_WARN_UNREACHABLE_CODE = YES;
				CLANG_WARN__DUPLICATE_METHOD_MATCH = YES;
				COPY_PHASE_STRIP = NO;
				DEAD_CODE_STRIPPING = YES;
				DEBUG_INFORMATION_FORMAT = dwarf;
				ENABLE_STRICT_OBJC_MSGSEND = YES;
				ENABLE_TESTABILITY = YES;
				GCC_C_LANGUAGE_STANDARD = gnu11;
				GCC_DYNAMIC_NO_PIC = NO;
				GCC_NO_COMMON_BLOCKS = YES;
				GCC_OPTIMIZATION_LEVEL = 0;
				GCC_PREPROCESSOR_DEFINITIONS = (
					"DEBUG=1",
					"$(inherited)",
				);
				GCC_WARN_64_TO_32_BIT_CONVERSION = YES;
				GCC_WARN_ABOUT_RETURN_TYPE = YES_ERROR;
				GCC_WARN_UNDECLARED_SELECTOR = YES;
				GCC_WARN_UNINITIALIZED_AUTOS = YES_AGGRESSIVE;
				GCC_WARN_UNUSED_FUNCTION = YES;
				GCC_WARN_UNUSED_VARIABLE = YES;
				MTL_ENABLE_DEBUG_INFO = INCLUDE_SOURCE;
				MTL_FAST_MATH = YES;
				ONLY_ACTIVE_ARCH = YES;
				SWIFT_ACTIVE_COMPILATION_CONDITIONS = DEBUG;
				SWIFT_OPTIMIZATION_LEVEL = "-Onone";
			};
			name = Debug;
		};
		50115F512A74069C0086220E /* Release */ = {
			isa = XCBuildConfiguration;
			buildSettings = {
				ALWAYS_SEARCH_USER_PATHS = NO;
				CLANG_ANALYZER_NONNULL = YES;
				CLANG_ANALYZER_NUMBER_OBJECT_CONVERSION = YES_AGGRESSIVE;
				CLANG_CXX_LANGUAGE_STANDARD = "gnu++20";
				CLANG_ENABLE_MODULES = YES;
				CLANG_ENABLE_OBJC_ARC = YES;
				CLANG_ENABLE_OBJC_WEAK = YES;
				CLANG_WARN_BLOCK_CAPTURE_AUTORELEASING = YES;
				CLANG_WARN_BOOL_CONVERSION = YES;
				CLANG_WARN_COMMA = YES;
				CLANG_WARN_CONSTANT_CONVERSION = YES;
				CLANG_WARN_DEPRECATED_OBJC_IMPLEMENTATIONS = YES;
				CLANG_WARN_DIRECT_OBJC_ISA_USAGE = YES_ERROR;
				CLANG_WARN_DOCUMENTATION_COMMENTS = YES;
				CLANG_WARN_EMPTY_BODY = YES;
				CLANG_WARN_ENUM_CONVERSION = YES;
				CLANG_WARN_INFINITE_RECURSION = YES;
				CLANG_WARN_INT_CONVERSION = YES;
				CLANG_WARN_NON_LITERAL_NULL_CONVERSION = YES;
				CLANG_WARN_OBJC_IMPLICIT_RETAIN_SELF = YES;
				CLANG_WARN_OBJC_LITERAL_CONVERSION = YES;
				CLANG_WARN_OBJC_ROOT_CLASS = YES_ERROR;
				CLANG_WARN_QUOTED_INCLUDE_IN_FRAMEWORK_HEADER = YES;
				CLANG_WARN_RANGE_LOOP_ANALYSIS = YES;
				CLANG_WARN_STRICT_PROTOTYPES = YES;
				CLANG_WARN_SUSPICIOUS_MOVE = YES;
				CLANG_WARN_UNGUARDED_AVAILABILITY = YES_AGGRESSIVE;
				CLANG_WARN_UNREACHABLE_CODE = YES;
				CLANG_WARN__DUPLICATE_METHOD_MATCH = YES;
				COPY_PHASE_STRIP = NO;
				DEAD_CODE_STRIPPING = YES;
				DEBUG_INFORMATION_FORMAT = "dwarf-with-dsym";
				ENABLE_NS_ASSERTIONS = NO;
				ENABLE_STRICT_OBJC_MSGSEND = YES;
				GCC_C_LANGUAGE_STANDARD = gnu11;
				GCC_NO_COMMON_BLOCKS = YES;
				GCC_WARN_64_TO_32_BIT_CONVERSION = YES;
				GCC_WARN_ABOUT_RETURN_TYPE = YES_ERROR;
				GCC_WARN_UNDECLARED_SELECTOR = YES;
				GCC_WARN_UNINITIALIZED_AUTOS = YES_AGGRESSIVE;
				GCC_WARN_UNUSED_FUNCTION = YES;
				GCC_WARN_UNUSED_VARIABLE = YES;
				MTL_ENABLE_DEBUG_INFO = NO;
				MTL_FAST_MATH = YES;
				SWIFT_COMPILATION_MODE = wholemodule;
				SWIFT_OPTIMIZATION_LEVEL = "-O";
			};
			name = Release;
		};
		50115F532A74069C0086220E /* Debug */ = {
			isa = XCBuildConfiguration;
			buildSettings = {
				ASSETCATALOG_COMPILER_APPICON_NAME = AppIcon;
				ASSETCATALOG_COMPILER_GLOBAL_ACCENT_COLOR_NAME = AccentColor;
				CODE_SIGN_ENTITLEMENTS = Instafilter/Instafilter.entitlements;
				CODE_SIGN_STYLE = Automatic;
				CURRENT_PROJECT_VERSION = 1;
				DEAD_CODE_STRIPPING = YES;
				DEVELOPMENT_ASSET_PATHS = "\"Instafilter/Preview Content\"";
				DEVELOPMENT_TEAM = 62YR6KL763;
				ENABLE_HARDENED_RUNTIME = YES;
				ENABLE_PREVIEWS = YES;
				GENERATE_INFOPLIST_FILE = YES;
				INFOPLIST_KEY_NSPhotoLibraryAddUsageDescription = "We want to save your filtered photo.";
				"INFOPLIST_KEY_UIApplicationSceneManifest_Generation[sdk=iphoneos*]" = YES;
				"INFOPLIST_KEY_UIApplicationSceneManifest_Generation[sdk=iphonesimulator*]" = YES;
				"INFOPLIST_KEY_UIApplicationSupportsIndirectInputEvents[sdk=iphoneos*]" = YES;
				"INFOPLIST_KEY_UIApplicationSupportsIndirectInputEvents[sdk=iphonesimulator*]" = YES;
				"INFOPLIST_KEY_UILaunchScreen_Generation[sdk=iphoneos*]" = YES;
				"INFOPLIST_KEY_UILaunchScreen_Generation[sdk=iphonesimulator*]" = YES;
				"INFOPLIST_KEY_UIStatusBarStyle[sdk=iphoneos*]" = UIStatusBarStyleDefault;
				"INFOPLIST_KEY_UIStatusBarStyle[sdk=iphonesimulator*]" = UIStatusBarStyleDefault;
				INFOPLIST_KEY_UISupportedInterfaceOrientations_iPad = "UIInterfaceOrientationPortrait UIInterfaceOrientationPortraitUpsideDown UIInterfaceOrientationLandscapeLeft UIInterfaceOrientationLandscapeRight";
				INFOPLIST_KEY_UISupportedInterfaceOrientations_iPhone = "UIInterfaceOrientationPortrait UIInterfaceOrientationLandscapeLeft UIInterfaceOrientationLandscapeRight";
				IPHONEOS_DEPLOYMENT_TARGET = 17.2;
				LD_RUNPATH_SEARCH_PATHS = "@executable_path/Frameworks";
				"LD_RUNPATH_SEARCH_PATHS[sdk=macosx*]" = "@executable_path/../Frameworks";
				MACOSX_DEPLOYMENT_TARGET = 13.3;
				MARKETING_VERSION = 1.0;
				PRODUCT_BUNDLE_IDENTIFIER = me.grillo.mauro.Instafilter;
				PRODUCT_NAME = "$(TARGET_NAME)";
				SDKROOT = auto;
				SUPPORTED_PLATFORMS = "iphoneos iphonesimulator";
				SUPPORTS_MACCATALYST = NO;
				SUPPORTS_MAC_DESIGNED_FOR_IPHONE_IPAD = NO;
				SWIFT_EMIT_LOC_STRINGS = YES;
				SWIFT_VERSION = 5.0;
				TARGETED_DEVICE_FAMILY = "1,2";
			};
			name = Debug;
		};
		50115F542A74069C0086220E /* Release */ = {
			isa = XCBuildConfiguration;
			buildSettings = {
				ASSETCATALOG_COMPILER_APPICON_NAME = AppIcon;
				ASSETCATALOG_COMPILER_GLOBAL_ACCENT_COLOR_NAME = AccentColor;
				CODE_SIGN_ENTITLEMENTS = Instafilter/Instafilter.entitlements;
				CODE_SIGN_STYLE = Automatic;
				CURRENT_PROJECT_VERSION = 1;
				DEAD_CODE_STRIPPING = YES;
				DEVELOPMENT_ASSET_PATHS = "\"Instafilter/Preview Content\"";
				DEVELOPMENT_TEAM = 62YR6KL763;
				ENABLE_HARDENED_RUNTIME = YES;
				ENABLE_PREVIEWS = YES;
				GENERATE_INFOPLIST_FILE = YES;
				INFOPLIST_KEY_NSPhotoLibraryAddUsageDescription = "We want to save your filtered photo.";
				"INFOPLIST_KEY_UIApplicationSceneManifest_Generation[sdk=iphoneos*]" = YES;
				"INFOPLIST_KEY_UIApplicationSceneManifest_Generation[sdk=iphonesimulator*]" = YES;
				"INFOPLIST_KEY_UIApplicationSupportsIndirectInputEvents[sdk=iphoneos*]" = YES;
				"INFOPLIST_KEY_UIApplicationSupportsIndirectInputEvents[sdk=iphonesimulator*]" = YES;
				"INFOPLIST_KEY_UILaunchScreen_Generation[sdk=iphoneos*]" = YES;
				"INFOPLIST_KEY_UILaunchScreen_Generation[sdk=iphonesimulator*]" = YES;
				"INFOPLIST_KEY_UIStatusBarStyle[sdk=iphoneos*]" = UIStatusBarStyleDefault;
				"INFOPLIST_KEY_UIStatusBarStyle[sdk=iphonesimulator*]" = UIStatusBarStyleDefault;
				INFOPLIST_KEY_UISupportedInterfaceOrientations_iPad = "UIInterfaceOrientationPortrait UIInterfaceOrientationPortraitUpsideDown UIInterfaceOrientationLandscapeLeft UIInterfaceOrientationLandscapeRight";
				INFOPLIST_KEY_UISupportedInterfaceOrientations_iPhone = "UIInterfaceOrientationPortrait UIInterfaceOrientationLandscapeLeft UIInterfaceOrientationLandscapeRight";
				IPHONEOS_DEPLOYMENT_TARGET = 17.2;
				LD_RUNPATH_SEARCH_PATHS = "@executable_path/Frameworks";
				"LD_RUNPATH_SEARCH_PATHS[sdk=macosx*]" = "@executable_path/../Frameworks";
				MACOSX_DEPLOYMENT_TARGET = 13.3;
				MARKETING_VERSION = 1.0;
				PRODUCT_BUNDLE_IDENTIFIER = me.grillo.mauro.Instafilter;
				PRODUCT_NAME = "$(TARGET_NAME)";
				SDKROOT = auto;
				SUPPORTED_PLATFORMS = "iphoneos iphonesimulator";
				SUPPORTS_MACCATALYST = NO;
				SUPPORTS_MAC_DESIGNED_FOR_IPHONE_IPAD = NO;
				SWIFT_EMIT_LOC_STRINGS = YES;
				SWIFT_VERSION = 5.0;
				TARGETED_DEVICE_FAMILY = "1,2";
			};
			name = Release;
		};
		503FC64F2BAC8D2F00FD4DA4 /* Debug */ = {
			isa = XCBuildConfiguration;
			buildSettings = {
				ASSETCATALOG_COMPILER_GENERATE_SWIFT_ASSET_SYMBOL_EXTENSIONS = YES;
				CODE_SIGN_STYLE = Automatic;
				DEVELOPMENT_TEAM = 62YR6KL763;
				ENABLE_USER_SCRIPT_SANDBOXING = YES;
				GCC_C_LANGUAGE_STANDARD = gnu17;
				IPHONEOS_DEPLOYMENT_TARGET = 17.4;
				LOCALIZATION_PREFERS_STRING_CATALOGS = YES;
				OTHER_LDFLAGS = "-ObjC";
				PRODUCT_NAME = "$(TARGET_NAME)";
				SDKROOT = iphoneos;
				SKIP_INSTALL = YES;
				SWIFT_ACTIVE_COMPILATION_CONDITIONS = "DEBUG $(inherited)";
				SWIFT_VERSION = 5.0;
				TARGETED_DEVICE_FAMILY = "1,2";
			};
			name = Debug;
		};
		503FC6502BAC8D2F00FD4DA4 /* Release */ = {
			isa = XCBuildConfiguration;
			buildSettings = {
				ASSETCATALOG_COMPILER_GENERATE_SWIFT_ASSET_SYMBOL_EXTENSIONS = YES;
				CODE_SIGN_STYLE = Automatic;
				DEVELOPMENT_TEAM = 62YR6KL763;
				ENABLE_USER_SCRIPT_SANDBOXING = YES;
				GCC_C_LANGUAGE_STANDARD = gnu17;
				IPHONEOS_DEPLOYMENT_TARGET = 17.4;
				LOCALIZATION_PREFERS_STRING_CATALOGS = YES;
				OTHER_LDFLAGS = "-ObjC";
				PRODUCT_NAME = "$(TARGET_NAME)";
				SDKROOT = iphoneos;
				SKIP_INSTALL = YES;
				SWIFT_VERSION = 5.0;
				TARGETED_DEVICE_FAMILY = "1,2";
				VALIDATE_PRODUCT = YES;
			};
			name = Release;
		};
		509884302BAC893A00657D3B /* Debug */ = {
			isa = XCBuildConfiguration;
			buildSettings = {
				ASSETCATALOG_COMPILER_APPICON_NAME = AppIcon;
				ASSETCATALOG_COMPILER_GENERATE_SWIFT_ASSET_SYMBOL_EXTENSIONS = YES;
				ASSETCATALOG_COMPILER_GLOBAL_ACCENT_COLOR_NAME = AccentColor;
				CODE_SIGN_STYLE = Automatic;
				CURRENT_PROJECT_VERSION = 1;
				DEVELOPMENT_ASSET_PATHS = "\"InstafilterPlayground/Preview Content\"";
				DEVELOPMENT_TEAM = 62YR6KL763;
				ENABLE_PREVIEWS = YES;
				ENABLE_USER_SCRIPT_SANDBOXING = YES;
				GCC_C_LANGUAGE_STANDARD = gnu17;
				GENERATE_INFOPLIST_FILE = YES;
				INFOPLIST_KEY_NSPhotoLibraryAddUsageDescription = "";
				INFOPLIST_KEY_UIApplicationSceneManifest_Generation = YES;
				INFOPLIST_KEY_UIApplicationSupportsIndirectInputEvents = YES;
				INFOPLIST_KEY_UILaunchScreen_Generation = YES;
				INFOPLIST_KEY_UISupportedInterfaceOrientations_iPad = "UIInterfaceOrientationPortrait UIInterfaceOrientationPortraitUpsideDown UIInterfaceOrientationLandscapeLeft UIInterfaceOrientationLandscapeRight";
				INFOPLIST_KEY_UISupportedInterfaceOrientations_iPhone = "UIInterfaceOrientationPortrait UIInterfaceOrientationLandscapeLeft UIInterfaceOrientationLandscapeRight";
				IPHONEOS_DEPLOYMENT_TARGET = 16.4;
				LD_RUNPATH_SEARCH_PATHS = (
					"$(inherited)",
					"@executable_path/Frameworks",
				);
				LOCALIZATION_PREFERS_STRING_CATALOGS = YES;
				MARKETING_VERSION = 1.0;
				PRODUCT_BUNDLE_IDENTIFIER = me.grillo.mauro.InstafilterPlayground;
				PRODUCT_NAME = "$(TARGET_NAME)";
				SDKROOT = iphoneos;
				SUPPORTED_PLATFORMS = "iphoneos iphonesimulator";
				SUPPORTS_MACCATALYST = NO;
				SUPPORTS_MAC_DESIGNED_FOR_IPHONE_IPAD = NO;
				SUPPORTS_XR_DESIGNED_FOR_IPHONE_IPAD = NO;
				SWIFT_ACTIVE_COMPILATION_CONDITIONS = "DEBUG $(inherited)";
				SWIFT_EMIT_LOC_STRINGS = YES;
				SWIFT_VERSION = 5.0;
				TARGETED_DEVICE_FAMILY = "1,2";
			};
			name = Debug;
		};
		509884312BAC893A00657D3B /* Release */ = {
			isa = XCBuildConfiguration;
			buildSettings = {
				ASSETCATALOG_COMPILER_APPICON_NAME = AppIcon;
				ASSETCATALOG_COMPILER_GENERATE_SWIFT_ASSET_SYMBOL_EXTENSIONS = YES;
				ASSETCATALOG_COMPILER_GLOBAL_ACCENT_COLOR_NAME = AccentColor;
				CODE_SIGN_STYLE = Automatic;
				CURRENT_PROJECT_VERSION = 1;
				DEVELOPMENT_ASSET_PATHS = "\"InstafilterPlayground/Preview Content\"";
				DEVELOPMENT_TEAM = 62YR6KL763;
				ENABLE_PREVIEWS = YES;
				ENABLE_USER_SCRIPT_SANDBOXING = YES;
				GCC_C_LANGUAGE_STANDARD = gnu17;
				GENERATE_INFOPLIST_FILE = YES;
				INFOPLIST_KEY_NSPhotoLibraryAddUsageDescription = "";
				INFOPLIST_KEY_UIApplicationSceneManifest_Generation = YES;
				INFOPLIST_KEY_UIApplicationSupportsIndirectInputEvents = YES;
				INFOPLIST_KEY_UILaunchScreen_Generation = YES;
				INFOPLIST_KEY_UISupportedInterfaceOrientations_iPad = "UIInterfaceOrientationPortrait UIInterfaceOrientationPortraitUpsideDown UIInterfaceOrientationLandscapeLeft UIInterfaceOrientationLandscapeRight";
				INFOPLIST_KEY_UISupportedInterfaceOrientations_iPhone = "UIInterfaceOrientationPortrait UIInterfaceOrientationLandscapeLeft UIInterfaceOrientationLandscapeRight";
				IPHONEOS_DEPLOYMENT_TARGET = 16.4;
				LD_RUNPATH_SEARCH_PATHS = (
					"$(inherited)",
					"@executable_path/Frameworks",
				);
				LOCALIZATION_PREFERS_STRING_CATALOGS = YES;
				MARKETING_VERSION = 1.0;
				PRODUCT_BUNDLE_IDENTIFIER = me.grillo.mauro.InstafilterPlayground;
				PRODUCT_NAME = "$(TARGET_NAME)";
				SDKROOT = iphoneos;
				SUPPORTED_PLATFORMS = "iphoneos iphonesimulator";
				SUPPORTS_MACCATALYST = NO;
				SUPPORTS_MAC_DESIGNED_FOR_IPHONE_IPAD = NO;
				SUPPORTS_XR_DESIGNED_FOR_IPHONE_IPAD = NO;
				SWIFT_EMIT_LOC_STRINGS = YES;
				SWIFT_VERSION = 5.0;
				TARGETED_DEVICE_FAMILY = "1,2";
				VALIDATE_PRODUCT = YES;
			};
			name = Release;
		};
		509884432BAC894500657D3B /* Debug */ = {
			isa = XCBuildConfiguration;
			buildSettings = {
				ASSETCATALOG_COMPILER_APPICON_NAME = AppIcon;
				ASSETCATALOG_COMPILER_GENERATE_SWIFT_ASSET_SYMBOL_EXTENSIONS = YES;
				ASSETCATALOG_COMPILER_GLOBAL_ACCENT_COLOR_NAME = AccentColor;
				CODE_SIGN_STYLE = Automatic;
				CURRENT_PROJECT_VERSION = 1;
				DEVELOPMENT_ASSET_PATHS = "\"InstafilterLegacy/Preview Content\"";
				DEVELOPMENT_TEAM = 62YR6KL763;
				ENABLE_PREVIEWS = YES;
				ENABLE_USER_SCRIPT_SANDBOXING = YES;
				GCC_C_LANGUAGE_STANDARD = gnu17;
				GENERATE_INFOPLIST_FILE = YES;
				INFOPLIST_FILE = InstafilterLegacy/Info.plist;
				INFOPLIST_KEY_LSApplicationCategoryType = "";
				INFOPLIST_KEY_NSPhotoLibraryAddUsageDescription = "";
				INFOPLIST_KEY_UIApplicationSceneManifest_Generation = YES;
				INFOPLIST_KEY_UIApplicationSupportsIndirectInputEvents = YES;
				INFOPLIST_KEY_UILaunchScreen_Generation = YES;
				INFOPLIST_KEY_UISupportedInterfaceOrientations_iPad = "UIInterfaceOrientationPortrait UIInterfaceOrientationPortraitUpsideDown UIInterfaceOrientationLandscapeLeft UIInterfaceOrientationLandscapeRight";
				INFOPLIST_KEY_UISupportedInterfaceOrientations_iPhone = "UIInterfaceOrientationPortrait UIInterfaceOrientationLandscapeLeft UIInterfaceOrientationLandscapeRight";
				IPHONEOS_DEPLOYMENT_TARGET = 16.4;
				LD_RUNPATH_SEARCH_PATHS = (
					"$(inherited)",
					"@executable_path/Frameworks",
				);
				LOCALIZATION_PREFERS_STRING_CATALOGS = YES;
				MARKETING_VERSION = 1.0;
				PRODUCT_BUNDLE_IDENTIFIER = me.grillo.mauro.InstafilterLegacy;
				PRODUCT_NAME = "$(TARGET_NAME)";
				SDKROOT = iphoneos;
				SUPPORTED_PLATFORMS = "iphoneos iphonesimulator";
				SUPPORTS_MACCATALYST = NO;
				SUPPORTS_MAC_DESIGNED_FOR_IPHONE_IPAD = NO;
				SUPPORTS_XR_DESIGNED_FOR_IPHONE_IPAD = NO;
				SWIFT_ACTIVE_COMPILATION_CONDITIONS = "DEBUG $(inherited)";
				SWIFT_EMIT_LOC_STRINGS = YES;
				SWIFT_VERSION = 5.0;
				TARGETED_DEVICE_FAMILY = "1,2";
			};
			name = Debug;
		};
		509884442BAC894500657D3B /* Release */ = {
			isa = XCBuildConfiguration;
			buildSettings = {
				ASSETCATALOG_COMPILER_APPICON_NAME = AppIcon;
				ASSETCATALOG_COMPILER_GENERATE_SWIFT_ASSET_SYMBOL_EXTENSIONS = YES;
				ASSETCATALOG_COMPILER_GLOBAL_ACCENT_COLOR_NAME = AccentColor;
				CODE_SIGN_STYLE = Automatic;
				CURRENT_PROJECT_VERSION = 1;
				DEVELOPMENT_ASSET_PATHS = "\"InstafilterLegacy/Preview Content\"";
				DEVELOPMENT_TEAM = 62YR6KL763;
				ENABLE_PREVIEWS = YES;
				ENABLE_USER_SCRIPT_SANDBOXING = YES;
				GCC_C_LANGUAGE_STANDARD = gnu17;
				GENERATE_INFOPLIST_FILE = YES;
				INFOPLIST_FILE = InstafilterLegacy/Info.plist;
				INFOPLIST_KEY_LSApplicationCategoryType = "";
				INFOPLIST_KEY_NSPhotoLibraryAddUsageDescription = "";
				INFOPLIST_KEY_UIApplicationSceneManifest_Generation = YES;
				INFOPLIST_KEY_UIApplicationSupportsIndirectInputEvents = YES;
				INFOPLIST_KEY_UILaunchScreen_Generation = YES;
				INFOPLIST_KEY_UISupportedInterfaceOrientations_iPad = "UIInterfaceOrientationPortrait UIInterfaceOrientationPortraitUpsideDown UIInterfaceOrientationLandscapeLeft UIInterfaceOrientationLandscapeRight";
				INFOPLIST_KEY_UISupportedInterfaceOrientations_iPhone = "UIInterfaceOrientationPortrait UIInterfaceOrientationLandscapeLeft UIInterfaceOrientationLandscapeRight";
				IPHONEOS_DEPLOYMENT_TARGET = 16.4;
				LD_RUNPATH_SEARCH_PATHS = (
					"$(inherited)",
					"@executable_path/Frameworks",
				);
				LOCALIZATION_PREFERS_STRING_CATALOGS = YES;
				MARKETING_VERSION = 1.0;
				PRODUCT_BUNDLE_IDENTIFIER = me.grillo.mauro.InstafilterLegacy;
				PRODUCT_NAME = "$(TARGET_NAME)";
				SDKROOT = iphoneos;
				SUPPORTED_PLATFORMS = "iphoneos iphonesimulator";
				SUPPORTS_MACCATALYST = NO;
				SUPPORTS_MAC_DESIGNED_FOR_IPHONE_IPAD = NO;
				SUPPORTS_XR_DESIGNED_FOR_IPHONE_IPAD = NO;
				SWIFT_EMIT_LOC_STRINGS = YES;
				SWIFT_VERSION = 5.0;
				TARGETED_DEVICE_FAMILY = "1,2";
				VALIDATE_PRODUCT = YES;
			};
			name = Release;
		};
/* End XCBuildConfiguration section */

/* Begin XCConfigurationList section */
		50115F3E2A74069B0086220E /* Build configuration list for PBXProject "Instafilter" */ = {
			isa = XCConfigurationList;
			buildConfigurations = (
				50115F502A74069C0086220E /* Debug */,
				50115F512A74069C0086220E /* Release */,
			);
			defaultConfigurationIsVisible = 0;
			defaultConfigurationName = Release;
		};
		50115F522A74069C0086220E /* Build configuration list for PBXNativeTarget "Instafilter" */ = {
			isa = XCConfigurationList;
			buildConfigurations = (
				50115F532A74069C0086220E /* Debug */,
				50115F542A74069C0086220E /* Release */,
			);
			defaultConfigurationIsVisible = 0;
			defaultConfigurationName = Release;
		};
		503FC64E2BAC8D2F00FD4DA4 /* Build configuration list for PBXNativeTarget "InstafilterUtils" */ = {
			isa = XCConfigurationList;
			buildConfigurations = (
				503FC64F2BAC8D2F00FD4DA4 /* Debug */,
				503FC6502BAC8D2F00FD4DA4 /* Release */,
			);
			defaultConfigurationIsVisible = 0;
			defaultConfigurationName = Release;
		};
		509884322BAC893A00657D3B /* Build configuration list for PBXNativeTarget "InstafilterPlayground" */ = {
			isa = XCConfigurationList;
			buildConfigurations = (
				509884302BAC893A00657D3B /* Debug */,
				509884312BAC893A00657D3B /* Release */,
			);
			defaultConfigurationIsVisible = 0;
			defaultConfigurationName = Release;
		};
		509884422BAC894500657D3B /* Build configuration list for PBXNativeTarget "InstafilterLegacy" */ = {
			isa = XCConfigurationList;
			buildConfigurations = (
				509884432BAC894500657D3B /* Debug */,
				509884442BAC894500657D3B /* Release */,
			);
			defaultConfigurationIsVisible = 0;
			defaultConfigurationName = Release;
		};
/* End XCConfigurationList section */
	};
	rootObject = 50115F3B2A74069B0086220E /* Project object */;
}
