// !$*UTF8*$!
{
	archiveVersion = 1;
	classes = {
	};
	objectVersion = 56;
	objects = {

/* Begin PBXBuildFile section */
		50115F472A74069B0086220E /* InstafilterApp.swift in Sources */ = {isa = PBXBuildFile; fileRef = 50115F462A74069B0086220E /* InstafilterApp.swift */; };
		50115F492A74069B0086220E /* ContentView.swift in Sources */ = {isa = PBXBuildFile; fileRef = 50115F482A74069B0086220E /* ContentView.swift */; };
		50115F4B2A74069C0086220E /* Assets.xcassets in Resources */ = {isa = PBXBuildFile; fileRef = 50115F4A2A74069C0086220E /* Assets.xcassets */; };
		50115F4F2A74069C0086220E /* Preview Assets.xcassets in Resources */ = {isa = PBXBuildFile; fileRef = 50115F4E2A74069C0086220E /* Preview Assets.xcassets */; };
		50115F572A74077F0086220E /* PropertyWrappersStructs.swift in Sources */ = {isa = PBXBuildFile; fileRef = 50115F562A74077F0086220E /* PropertyWrappersStructs.swift */; };
		50115F592A7418DB0086220E /* ConfirmationDialogPlaygroundView.swift in Sources */ = {isa = PBXBuildFile; fileRef = 50115F582A7418DB0086220E /* ConfirmationDialogPlaygroundView.swift */; };
		501AD6612B75136A005613BA /* ContentUnavailablePlayground.swift in Sources */ = {isa = PBXBuildFile; fileRef = 501AD6602B75136A005613BA /* ContentUnavailablePlayground.swift */; };
		501AD6632B75170C005613BA /* ShareLinkPlayground.swift in Sources */ = {isa = PBXBuildFile; fileRef = 501AD6622B75170C005613BA /* ShareLinkPlayground.swift */; };
		501AD6652B751D17005613BA /* RequestAppStoreReview.swift in Sources */ = {isa = PBXBuildFile; fileRef = 501AD6642B751D17005613BA /* RequestAppStoreReview.swift */; };
		501AD6672B751F11005613BA /* PhotosPickerPlayground.swift in Sources */ = {isa = PBXBuildFile; fileRef = 501AD6662B751F11005613BA /* PhotosPickerPlayground.swift */; };
		50B0B2942A854BB800878112 /* ContentPlaygroundView.swift in Sources */ = {isa = PBXBuildFile; fileRef = 50B0B2932A854BB800878112 /* ContentPlaygroundView.swift */; };
		50BB4D512A850F0400C7633F /* CoreImagePlayground.swift in Sources */ = {isa = PBXBuildFile; fileRef = 50BB4D502A850F0400C7633F /* CoreImagePlayground.swift */; };
		50BB4D552A851DDF00C7633F /* ImagePicker.swift in Sources */ = {isa = PBXBuildFile; fileRef = 50BB4D542A851DDF00C7633F /* ImagePicker.swift */; };
		50BB4D572A851F4100C7633F /* ImagePickerPlaygroundView.swift in Sources */ = {isa = PBXBuildFile; fileRef = 50BB4D562A851F4100C7633F /* ImagePickerPlaygroundView.swift */; };
		50BB4D592A85312500C7633F /* ImageSaver.swift in Sources */ = {isa = PBXBuildFile; fileRef = 50BB4D582A85312500C7633F /* ImageSaver.swift */; };
/* End PBXBuildFile section */

/* Begin PBXFileReference section */
		50115F432A74069B0086220E /* Instafilter.app */ = {isa = PBXFileReference; explicitFileType = wrapper.application; includeInIndex = 0; path = Instafilter.app; sourceTree = BUILT_PRODUCTS_DIR; };
		50115F462A74069B0086220E /* InstafilterApp.swift */ = {isa = PBXFileReference; lastKnownFileType = sourcecode.swift; path = InstafilterApp.swift; sourceTree = "<group>"; };
		50115F482A74069B0086220E /* ContentView.swift */ = {isa = PBXFileReference; lastKnownFileType = sourcecode.swift; path = ContentView.swift; sourceTree = "<group>"; };
		50115F4A2A74069C0086220E /* Assets.xcassets */ = {isa = PBXFileReference; lastKnownFileType = folder.assetcatalog; path = Assets.xcassets; sourceTree = "<group>"; };
		50115F4C2A74069C0086220E /* Instafilter.entitlements */ = {isa = PBXFileReference; lastKnownFileType = text.plist.entitlements; path = Instafilter.entitlements; sourceTree = "<group>"; };
		50115F4E2A74069C0086220E /* Preview Assets.xcassets */ = {isa = PBXFileReference; lastKnownFileType = folder.assetcatalog; path = "Preview Assets.xcassets"; sourceTree = "<group>"; };
		50115F562A74077F0086220E /* PropertyWrappersStructs.swift */ = {isa = PBXFileReference; lastKnownFileType = sourcecode.swift; path = PropertyWrappersStructs.swift; sourceTree = "<group>"; };
		50115F582A7418DB0086220E /* ConfirmationDialogPlaygroundView.swift */ = {isa = PBXFileReference; lastKnownFileType = sourcecode.swift; path = ConfirmationDialogPlaygroundView.swift; sourceTree = "<group>"; };
		501AD6602B75136A005613BA /* ContentUnavailablePlayground.swift */ = {isa = PBXFileReference; lastKnownFileType = sourcecode.swift; path = ContentUnavailablePlayground.swift; sourceTree = "<group>"; };
		501AD6622B75170C005613BA /* ShareLinkPlayground.swift */ = {isa = PBXFileReference; lastKnownFileType = sourcecode.swift; path = ShareLinkPlayground.swift; sourceTree = "<group>"; };
		501AD6642B751D17005613BA /* RequestAppStoreReview.swift */ = {isa = PBXFileReference; lastKnownFileType = sourcecode.swift; path = RequestAppStoreReview.swift; sourceTree = "<group>"; };
		501AD6662B751F11005613BA /* PhotosPickerPlayground.swift */ = {isa = PBXFileReference; lastKnownFileType = sourcecode.swift; path = PhotosPickerPlayground.swift; sourceTree = "<group>"; };
		50B0B2932A854BB800878112 /* ContentPlaygroundView.swift */ = {isa = PBXFileReference; lastKnownFileType = sourcecode.swift; path = ContentPlaygroundView.swift; sourceTree = "<group>"; };
		50BB4D502A850F0400C7633F /* CoreImagePlayground.swift */ = {isa = PBXFileReference; lastKnownFileType = sourcecode.swift; path = CoreImagePlayground.swift; sourceTree = "<group>"; };
		50BB4D542A851DDF00C7633F /* ImagePicker.swift */ = {isa = PBXFileReference; lastKnownFileType = sourcecode.swift; path = ImagePicker.swift; sourceTree = "<group>"; };
		50BB4D562A851F4100C7633F /* ImagePickerPlaygroundView.swift */ = {isa = PBXFileReference; lastKnownFileType = sourcecode.swift; path = ImagePickerPlaygroundView.swift; sourceTree = "<group>"; };
		50BB4D582A85312500C7633F /* ImageSaver.swift */ = {isa = PBXFileReference; lastKnownFileType = sourcecode.swift; path = ImageSaver.swift; sourceTree = "<group>"; };
/* End PBXFileReference section */

/* Begin PBXFrameworksBuildPhase section */
		50115F402A74069B0086220E /* Frameworks */ = {
			isa = PBXFrameworksBuildPhase;
			buildActionMask = 2147483647;
			files = (
			);
			runOnlyForDeploymentPostprocessing = 0;
		};
/* End PBXFrameworksBuildPhase section */

/* Begin PBXGroup section */
		50115F3A2A74069B0086220E = {
			isa = PBXGroup;
			children = (
				50115F452A74069B0086220E /* Instafilter */,
				50115F442A74069B0086220E /* Products */,
			);
			sourceTree = "<group>";
		};
		50115F442A74069B0086220E /* Products */ = {
			isa = PBXGroup;
			children = (
				50115F432A74069B0086220E /* Instafilter.app */,
			);
			name = Products;
			sourceTree = "<group>";
		};
		50115F452A74069B0086220E /* Instafilter */ = {
			isa = PBXGroup;
			children = (
				50B0B2952A854DF000878112 /* Utils */,
				50115F552A7406F60086220E /* Playground */,
				50115F462A74069B0086220E /* InstafilterApp.swift */,
				50115F482A74069B0086220E /* ContentView.swift */,
				50115F4A2A74069C0086220E /* Assets.xcassets */,
				50115F4C2A74069C0086220E /* Instafilter.entitlements */,
				50115F4D2A74069C0086220E /* Preview Content */,
			);
			path = Instafilter;
			sourceTree = "<group>";
		};
		50115F4D2A74069C0086220E /* Preview Content */ = {
			isa = PBXGroup;
			children = (
				50115F4E2A74069C0086220E /* Preview Assets.xcassets */,
			);
			path = "Preview Content";
			sourceTree = "<group>";
		};
		50115F552A7406F60086220E /* Playground */ = {
			isa = PBXGroup;
			children = (
				50115F562A74077F0086220E /* PropertyWrappersStructs.swift */,
				50BB4D502A850F0400C7633F /* CoreImagePlayground.swift */,
				50115F582A7418DB0086220E /* ConfirmationDialogPlaygroundView.swift */,
				50BB4D562A851F4100C7633F /* ImagePickerPlaygroundView.swift */,
				50B0B2932A854BB800878112 /* ContentPlaygroundView.swift */,
				501AD6602B75136A005613BA /* ContentUnavailablePlayground.swift */,
				501AD6622B75170C005613BA /* ShareLinkPlayground.swift */,
				501AD6642B751D17005613BA /* RequestAppStoreReview.swift */,
				501AD6662B751F11005613BA /* PhotosPickerPlayground.swift */,
			);
			path = Playground;
			sourceTree = "<group>";
		};
		50B0B2952A854DF000878112 /* Utils */ = {
			isa = PBXGroup;
			children = (
				50BB4D542A851DDF00C7633F /* ImagePicker.swift */,
				50BB4D582A85312500C7633F /* ImageSaver.swift */,
			);
			path = Utils;
			sourceTree = "<group>";
		};
/* End PBXGroup section */

/* Begin PBXNativeTarget section */
		50115F422A74069B0086220E /* Instafilter */ = {
			isa = PBXNativeTarget;
			buildConfigurationList = 50115F522A74069C0086220E /* Build configuration list for PBXNativeTarget "Instafilter" */;
			buildPhases = (
				50115F3F2A74069B0086220E /* Sources */,
				50115F402A74069B0086220E /* Frameworks */,
				50115F412A74069B0086220E /* Resources */,
			);
			buildRules = (
			);
			dependencies = (
			);
			name = Instafilter;
			productName = Instafilter;
			productReference = 50115F432A74069B0086220E /* Instafilter.app */;
			productType = "com.apple.product-type.application";
		};
/* End PBXNativeTarget section */

/* Begin PBXProject section */
		50115F3B2A74069B0086220E /* Project object */ = {
			isa = PBXProject;
			attributes = {
				BuildIndependentTargetsInParallel = 1;
				LastSwiftUpdateCheck = 1430;
				LastUpgradeCheck = 1430;
				TargetAttributes = {
					50115F422A74069B0086220E = {
						CreatedOnToolsVersion = 14.3.1;
					};
				};
			};
			buildConfigurationList = 50115F3E2A74069B0086220E /* Build configuration list for PBXProject "Instafilter" */;
			compatibilityVersion = "Xcode 14.0";
			developmentRegion = en;
			hasScannedForEncodings = 0;
			knownRegions = (
				en,
				Base,
			);
			mainGroup = 50115F3A2A74069B0086220E;
			productRefGroup = 50115F442A74069B0086220E /* Products */;
			projectDirPath = "";
			projectRoot = "";
			targets = (
				50115F422A74069B0086220E /* Instafilter */,
			);
		};
/* End PBXProject section */

/* Begin PBXResourcesBuildPhase section */
		50115F412A74069B0086220E /* Resources */ = {
			isa = PBXResourcesBuildPhase;
			buildActionMask = 2147483647;
			files = (
				50115F4F2A74069C0086220E /* Preview Assets.xcassets in Resources */,
				50115F4B2A74069C0086220E /* Assets.xcassets in Resources */,
			);
			runOnlyForDeploymentPostprocessing = 0;
		};
/* End PBXResourcesBuildPhase section */

/* Begin PBXSourcesBuildPhase section */
		50115F3F2A74069B0086220E /* Sources */ = {
			isa = PBXSourcesBuildPhase;
			buildActionMask = 2147483647;
			files = (
				50115F492A74069B0086220E /* ContentView.swift in Sources */,
				50BB4D512A850F0400C7633F /* CoreImagePlayground.swift in Sources */,
				50115F472A74069B0086220E /* InstafilterApp.swift in Sources */,
				50B0B2942A854BB800878112 /* ContentPlaygroundView.swift in Sources */,
				501AD6632B75170C005613BA /* ShareLinkPlayground.swift in Sources */,
				501AD6672B751F11005613BA /* PhotosPickerPlayground.swift in Sources */,
				50BB4D572A851F4100C7633F /* ImagePickerPlaygroundView.swift in Sources */,
				50BB4D552A851DDF00C7633F /* ImagePicker.swift in Sources */,
				501AD6652B751D17005613BA /* RequestAppStoreReview.swift in Sources */,
				50115F592A7418DB0086220E /* ConfirmationDialogPlaygroundView.swift in Sources */,
				50115F572A74077F0086220E /* PropertyWrappersStructs.swift in Sources */,
				50BB4D592A85312500C7633F /* ImageSaver.swift in Sources */,
				501AD6612B75136A005613BA /* ContentUnavailablePlayground.swift in Sources */,
			);
			runOnlyForDeploymentPostprocessing = 0;
		};
/* End PBXSourcesBuildPhase section */

/* Begin XCBuildConfiguration section */
		50115F502A74069C0086220E /* Debug */ = {
			isa = XCBuildConfiguration;
			buildSettings = {
				ALWAYS_SEARCH_USER_PATHS = NO;
				CLANG_ANALYZER_NONNULL = YES;
				CLANG_ANALYZER_NUMBER_OBJECT_CONVERSION = YES_AGGRESSIVE;
				CLANG_CXX_LANGUAGE_STANDARD = "gnu++20";
				CLANG_ENABLE_MODULES = YES;
				CLANG_ENABLE_OBJC_ARC = YES;
				CLANG_ENABLE_OBJC_WEAK = YES;
				CLANG_WARN_BLOCK_CAPTURE_AUTORELEASING = YES;
				CLANG_WARN_BOOL_CONVERSION = YES;
				CLANG_WARN_COMMA = YES;
				CLANG_WARN_CONSTANT_CONVERSION = YES;
				CLANG_WARN_DEPRECATED_OBJC_IMPLEMENTATIONS = YES;
				CLANG_WARN_DIRECT_OBJC_ISA_USAGE = YES_ERROR;
				CLANG_WARN_DOCUMENTATION_COMMENTS = YES;
				CLANG_WARN_EMPTY_BODY = YES;
				CLANG_WARN_ENUM_CONVERSION = YES;
				CLANG_WARN_INFINITE_RECURSION = YES;
				CLANG_WARN_INT_CONVERSION = YES;
				CLANG_WARN_NON_LITERAL_NULL_CONVERSION = YES;
				CLANG_WARN_OBJC_IMPLICIT_RETAIN_SELF = YES;
				CLANG_WARN_OBJC_LITERAL_CONVERSION = YES;
				CLANG_WARN_OBJC_ROOT_CLASS = YES_ERROR;
				CLANG_WARN_QUOTED_INCLUDE_IN_FRAMEWORK_HEADER = YES;
				CLANG_WARN_RANGE_LOOP_ANALYSIS = YES;
				CLANG_WARN_STRICT_PROTOTYPES = YES;
				CLANG_WARN_SUSPICIOUS_MOVE = YES;
				CLANG_WARN_UNGUARDED_AVAILABILITY = YES_AGGRESSIVE;
				CLANG_WARN_UNREACHABLE_CODE = YES;
				CLANG_WARN__DUPLICATE_METHOD_MATCH = YES;
				COPY_PHASE_STRIP = NO;
				DEBUG_INFORMATION_FORMAT = dwarf;
				ENABLE_STRICT_OBJC_MSGSEND = YES;
				ENABLE_TESTABILITY = YES;
				GCC_C_LANGUAGE_STANDARD = gnu11;
				GCC_DYNAMIC_NO_PIC = NO;
				GCC_NO_COMMON_BLOCKS = YES;
				GCC_OPTIMIZATION_LEVEL = 0;
				GCC_PREPROCESSOR_DEFINITIONS = (
					"DEBUG=1",
					"$(inherited)",
				);
				GCC_WARN_64_TO_32_BIT_CONVERSION = YES;
				GCC_WARN_ABOUT_RETURN_TYPE = YES_ERROR;
				GCC_WARN_UNDECLARED_SELECTOR = YES;
				GCC_WARN_UNINITIALIZED_AUTOS = YES_AGGRESSIVE;
				GCC_WARN_UNUSED_FUNCTION = YES;
				GCC_WARN_UNUSED_VARIABLE = YES;
				MTL_ENABLE_DEBUG_INFO = INCLUDE_SOURCE;
				MTL_FAST_MATH = YES;
				ONLY_ACTIVE_ARCH = YES;
				SWIFT_ACTIVE_COMPILATION_CONDITIONS = DEBUG;
				SWIFT_OPTIMIZATION_LEVEL = "-Onone";
			};
			name = Debug;
		};
		50115F512A74069C0086220E /* Release */ = {
			isa = XCBuildConfiguration;
			buildSettings = {
				ALWAYS_SEARCH_USER_PATHS = NO;
				CLANG_ANALYZER_NONNULL = YES;
				CLANG_ANALYZER_NUMBER_OBJECT_CONVERSION = YES_AGGRESSIVE;
				CLANG_CXX_LANGUAGE_STANDARD = "gnu++20";
				CLANG_ENABLE_MODULES = YES;
				CLANG_ENABLE_OBJC_ARC = YES;
				CLANG_ENABLE_OBJC_WEAK = YES;
				CLANG_WARN_BLOCK_CAPTURE_AUTORELEASING = YES;
				CLANG_WARN_BOOL_CONVERSION = YES;
				CLANG_WARN_COMMA = YES;
				CLANG_WARN_CONSTANT_CONVERSION = YES;
				CLANG_WARN_DEPRECATED_OBJC_IMPLEMENTATIONS = YES;
				CLANG_WARN_DIRECT_OBJC_ISA_USAGE = YES_ERROR;
				CLANG_WARN_DOCUMENTATION_COMMENTS = YES;
				CLANG_WARN_EMPTY_BODY = YES;
				CLANG_WARN_ENUM_CONVERSION = YES;
				CLANG_WARN_INFINITE_RECURSION = YES;
				CLANG_WARN_INT_CONVERSION = YES;
				CLANG_WARN_NON_LITERAL_NULL_CONVERSION = YES;
				CLANG_WARN_OBJC_IMPLICIT_RETAIN_SELF = YES;
				CLANG_WARN_OBJC_LITERAL_CONVERSION = YES;
				CLANG_WARN_OBJC_ROOT_CLASS = YES_ERROR;
				CLANG_WARN_QUOTED_INCLUDE_IN_FRAMEWORK_HEADER = YES;
				CLANG_WARN_RANGE_LOOP_ANALYSIS = YES;
				CLANG_WARN_STRICT_PROTOTYPES = YES;
				CLANG_WARN_SUSPICIOUS_MOVE = YES;
				CLANG_WARN_UNGUARDED_AVAILABILITY = YES_AGGRESSIVE;
				CLANG_WARN_UNREACHABLE_CODE = YES;
				CLANG_WARN__DUPLICATE_METHOD_MATCH = YES;
				COPY_PHASE_STRIP = NO;
				DEBUG_INFORMATION_FORMAT = "dwarf-with-dsym";
				ENABLE_NS_ASSERTIONS = NO;
				ENABLE_STRICT_OBJC_MSGSEND = YES;
				GCC_C_LANGUAGE_STANDARD = gnu11;
				GCC_NO_COMMON_BLOCKS = YES;
				GCC_WARN_64_TO_32_BIT_CONVERSION = YES;
				GCC_WARN_ABOUT_RETURN_TYPE = YES_ERROR;
				GCC_WARN_UNDECLARED_SELECTOR = YES;
				GCC_WARN_UNINITIALIZED_AUTOS = YES_AGGRESSIVE;
				GCC_WARN_UNUSED_FUNCTION = YES;
				GCC_WARN_UNUSED_VARIABLE = YES;
				MTL_ENABLE_DEBUG_INFO = NO;
				MTL_FAST_MATH = YES;
				SWIFT_COMPILATION_MODE = wholemodule;
				SWIFT_OPTIMIZATION_LEVEL = "-O";
			};
			name = Release;
		};
		50115F532A74069C0086220E /* Debug */ = {
			isa = XCBuildConfiguration;
			buildSettings = {
				ASSETCATALOG_COMPILER_APPICON_NAME = AppIcon;
				ASSETCATALOG_COMPILER_GLOBAL_ACCENT_COLOR_NAME = AccentColor;
				CODE_SIGN_ENTITLEMENTS = Instafilter/Instafilter.entitlements;
				CODE_SIGN_STYLE = Automatic;
				CURRENT_PROJECT_VERSION = 1;
				DEVELOPMENT_ASSET_PATHS = "\"Instafilter/Preview Content\"";
				DEVELOPMENT_TEAM = 62YR6KL763;
				ENABLE_HARDENED_RUNTIME = YES;
				ENABLE_PREVIEWS = YES;
				GENERATE_INFOPLIST_FILE = YES;
				INFOPLIST_KEY_NSPhotoLibraryAddUsageDescription = "We want to save your filtered photo.";
				"INFOPLIST_KEY_UIApplicationSceneManifest_Generation[sdk=iphoneos*]" = YES;
				"INFOPLIST_KEY_UIApplicationSceneManifest_Generation[sdk=iphonesimulator*]" = YES;
				"INFOPLIST_KEY_UIApplicationSupportsIndirectInputEvents[sdk=iphoneos*]" = YES;
				"INFOPLIST_KEY_UIApplicationSupportsIndirectInputEvents[sdk=iphonesimulator*]" = YES;
				"INFOPLIST_KEY_UILaunchScreen_Generation[sdk=iphoneos*]" = YES;
				"INFOPLIST_KEY_UILaunchScreen_Generation[sdk=iphonesimulator*]" = YES;
				"INFOPLIST_KEY_UIStatusBarStyle[sdk=iphoneos*]" = UIStatusBarStyleDefault;
				"INFOPLIST_KEY_UIStatusBarStyle[sdk=iphonesimulator*]" = UIStatusBarStyleDefault;
				INFOPLIST_KEY_UISupportedInterfaceOrientations_iPad = "UIInterfaceOrientationPortrait UIInterfaceOrientationPortraitUpsideDown UIInterfaceOrientationLandscapeLeft UIInterfaceOrientationLandscapeRight";
				INFOPLIST_KEY_UISupportedInterfaceOrientations_iPhone = "UIInterfaceOrientationPortrait UIInterfaceOrientationLandscapeLeft UIInterfaceOrientationLandscapeRight";
				IPHONEOS_DEPLOYMENT_TARGET = 17.2;
				LD_RUNPATH_SEARCH_PATHS = "@executable_path/Frameworks";
				"LD_RUNPATH_SEARCH_PATHS[sdk=macosx*]" = "@executable_path/../Frameworks";
				MACOSX_DEPLOYMENT_TARGET = 13.3;
				MARKETING_VERSION = 1.0;
				PRODUCT_BUNDLE_IDENTIFIER = me.grillo.mauro.Instafilter;
				PRODUCT_NAME = "$(TARGET_NAME)";
				SDKROOT = auto;
				SUPPORTED_PLATFORMS = "iphoneos iphonesimulator";
				SUPPORTS_MACCATALYST = NO;
				SUPPORTS_MAC_DESIGNED_FOR_IPHONE_IPAD = NO;
				SWIFT_EMIT_LOC_STRINGS = YES;
				SWIFT_VERSION = 5.0;
				TARGETED_DEVICE_FAMILY = "1,2";
			};
			name = Debug;
		};
		50115F542A74069C0086220E /* Release */ = {
			isa = XCBuildConfiguration;
			buildSettings = {
				ASSETCATALOG_COMPILER_APPICON_NAME = AppIcon;
				ASSETCATALOG_COMPILER_GLOBAL_ACCENT_COLOR_NAME = AccentColor;
				CODE_SIGN_ENTITLEMENTS = Instafilter/Instafilter.entitlements;
				CODE_SIGN_STYLE = Automatic;
				CURRENT_PROJECT_VERSION = 1;
				DEVELOPMENT_ASSET_PATHS = "\"Instafilter/Preview Content\"";
				DEVELOPMENT_TEAM = 62YR6KL763;
				ENABLE_HARDENED_RUNTIME = YES;
				ENABLE_PREVIEWS = YES;
				GENERATE_INFOPLIST_FILE = YES;
				INFOPLIST_KEY_NSPhotoLibraryAddUsageDescription = "We want to save your filtered photo.";
				"INFOPLIST_KEY_UIApplicationSceneManifest_Generation[sdk=iphoneos*]" = YES;
				"INFOPLIST_KEY_UIApplicationSceneManifest_Generation[sdk=iphonesimulator*]" = YES;
				"INFOPLIST_KEY_UIApplicationSupportsIndirectInputEvents[sdk=iphoneos*]" = YES;
				"INFOPLIST_KEY_UIApplicationSupportsIndirectInputEvents[sdk=iphonesimulator*]" = YES;
				"INFOPLIST_KEY_UILaunchScreen_Generation[sdk=iphoneos*]" = YES;
				"INFOPLIST_KEY_UILaunchScreen_Generation[sdk=iphonesimulator*]" = YES;
				"INFOPLIST_KEY_UIStatusBarStyle[sdk=iphoneos*]" = UIStatusBarStyleDefault;
				"INFOPLIST_KEY_UIStatusBarStyle[sdk=iphonesimulator*]" = UIStatusBarStyleDefault;
				INFOPLIST_KEY_UISupportedInterfaceOrientations_iPad = "UIInterfaceOrientationPortrait UIInterfaceOrientationPortraitUpsideDown UIInterfaceOrientationLandscapeLeft UIInterfaceOrientationLandscapeRight";
				INFOPLIST_KEY_UISupportedInterfaceOrientations_iPhone = "UIInterfaceOrientationPortrait UIInterfaceOrientationLandscapeLeft UIInterfaceOrientationLandscapeRight";
				IPHONEOS_DEPLOYMENT_TARGET = 17.2;
				LD_RUNPATH_SEARCH_PATHS = "@executable_path/Frameworks";
				"LD_RUNPATH_SEARCH_PATHS[sdk=macosx*]" = "@executable_path/../Frameworks";
				MACOSX_DEPLOYMENT_TARGET = 13.3;
				MARKETING_VERSION = 1.0;
				PRODUCT_BUNDLE_IDENTIFIER = me.grillo.mauro.Instafilter;
				PRODUCT_NAME = "$(TARGET_NAME)";
				SDKROOT = auto;
				SUPPORTED_PLATFORMS = "iphoneos iphonesimulator";
				SUPPORTS_MACCATALYST = NO;
				SUPPORTS_MAC_DESIGNED_FOR_IPHONE_IPAD = NO;
				SWIFT_EMIT_LOC_STRINGS = YES;
				SWIFT_VERSION = 5.0;
				TARGETED_DEVICE_FAMILY = "1,2";
			};
			name = Release;
		};
/* End XCBuildConfiguration section */

/* Begin XCConfigurationList section */
		50115F3E2A74069B0086220E /* Build configuration list for PBXProject "Instafilter" */ = {
			isa = XCConfigurationList;
			buildConfigurations = (
				50115F502A74069C0086220E /* Debug */,
				50115F512A74069C0086220E /* Release */,
			);
			defaultConfigurationIsVisible = 0;
			defaultConfigurationName = Release;
		};
		50115F522A74069C0086220E /* Build configuration list for PBXNativeTarget "Instafilter" */ = {
			isa = XCConfigurationList;
			buildConfigurations = (
				50115F532A74069C0086220E /* Debug */,
				50115F542A74069C0086220E /* Release */,
			);
			defaultConfigurationIsVisible = 0;
			defaultConfigurationName = Release;
		};
/* End XCConfigurationList section */
	};
	rootObject = 50115F3B2A74069B0086220E /* Project object */;
}
